// !$*UTF8*$!
{
	archiveVersion = 1;
	classes = {
	};
	objectVersion = 45;
	objects = {

/* Begin PBXAggregateTarget section */
		2AD9EFAD12FEE1E000FD7560 /* Build Directory */ = {
			isa = PBXAggregateTarget;
			buildConfigurationList = 2AD9EFAE12FEE24000FD7560 /* Build configuration list for PBXAggregateTarget "Build Directory" */;
			buildPhases = (
				2AD9EFB112FEE49200FD7560 /* ShellScript */,
			);
			dependencies = (
			);
			name = "Build Directory";
			productName = "Build Directory";
		};
/* End PBXAggregateTarget section */

/* Begin PBXBuildFile section */
		2A044D8F12E92DA800E0B624 /* MGMUsers.framework in Frameworks */ = {isa = PBXBuildFile; fileRef = 2AEAB3F112E2A57400552BAA /* MGMUsers.framework */; };
		2A0501D512F49A7B000F74EA /* MGMWebDav.m in Sources */ = {isa = PBXBuildFile; fileRef = 2A0501C612F49A7B000F74EA /* MGMWebDav.m */; };
		2A0501D612F49A7B000F74EA /* MGMWebDavAddons.m in Sources */ = {isa = PBXBuildFile; fileRef = 2A0501C812F49A7B000F74EA /* MGMWebDavAddons.m */; };
		2A0501D712F49A7B000F74EA /* MGMWebDavDelete.m in Sources */ = {isa = PBXBuildFile; fileRef = 2A0501CA12F49A7B000F74EA /* MGMWebDavDelete.m */; };
		2A0501D812F49A7B000F74EA /* MGMWebDavGet.m in Sources */ = {isa = PBXBuildFile; fileRef = 2A0501CC12F49A7B000F74EA /* MGMWebDavGet.m */; };
		2A0501D912F49A7B000F74EA /* MGMWebDavMkCol.m in Sources */ = {isa = PBXBuildFile; fileRef = 2A0501CE12F49A7B000F74EA /* MGMWebDavMkCol.m */; };
		2A0501DA12F49A7B000F74EA /* MGMWebDavOptions.m in Sources */ = {isa = PBXBuildFile; fileRef = 2A0501D012F49A7B000F74EA /* MGMWebDavOptions.m */; };
		2A0501DB12F49A7B000F74EA /* MGMWebDavPropFind.m in Sources */ = {isa = PBXBuildFile; fileRef = 2A0501D212F49A7B000F74EA /* MGMWebDavPropFind.m */; };
		2A0501DC12F49A7B000F74EA /* MGMWebDavPut.m in Sources */ = {isa = PBXBuildFile; fileRef = 2A0501D412F49A7B000F74EA /* MGMWebDavPut.m */; };
		2A0501F812F49D4E000F74EA /* MobileMe.bundle in PlugIns */ = {isa = PBXBuildFile; fileRef = 2A0501F112F49D08000F74EA /* MobileMe.bundle */; };
		2A05023112F49F74000F74EA /* MGMMobileMePlugIn.m in Sources */ = {isa = PBXBuildFile; fileRef = 2A05023012F49F74000F74EA /* MGMMobileMePlugIn.m */; };
		2A0503CC12F4D464000F74EA /* twitpic.bundle in PlugIns */ = {isa = PBXBuildFile; fileRef = 2A0503C312F4D43B000F74EA /* twitpic.bundle */; };
		2A05041C12F4DDFC000F74EA /* MGMTwitpicPlugIn.m in Sources */ = {isa = PBXBuildFile; fileRef = 2A0503DA12F4D5E6000F74EA /* MGMTwitpicPlugIn.m */; };
		2A05042D12F4DE17000F74EA /* MGMUsers.framework in Frameworks */ = {isa = PBXBuildFile; fileRef = 2AEAB3F112E2A57400552BAA /* MGMUsers.framework */; };
		2A0504B912F4E65C000F74EA /* MGMTwitpicPostWindow.m in Sources */ = {isa = PBXBuildFile; fileRef = 2A0504B812F4E65C000F74EA /* MGMTwitpicPostWindow.m */; };
		2A0504F312F4F024000F74EA /* QuartzCore.framework in Frameworks */ = {isa = PBXBuildFile; fileRef = 2A0504F212F4F024000F74EA /* QuartzCore.framework */; };
		2A280C8512EB50FB00435C36 /* Growl Registration Ticket.growlRegDict in Resources */ = {isa = PBXBuildFile; fileRef = 2A280C8412EB50FB00435C36 /* Growl Registration Ticket.growlRegDict */; };
		2A28110B12EBAC4B00435C36 /* MGMAddons.m in Sources */ = {isa = PBXBuildFile; fileRef = 2A28110112EBABC400435C36 /* MGMAddons.m */; };
		2A28114F12EBCE4A00435C36 /* Account.png in Resources */ = {isa = PBXBuildFile; fileRef = 2A28113D12EBCDFC00435C36 /* Account.png */; };
		2A28115012EBCE4A00435C36 /* AutoUpload.png in Resources */ = {isa = PBXBuildFile; fileRef = 2A28113E12EBCDFC00435C36 /* AutoUpload.png */; };
		2A28115112EBCE4A00435C36 /* Events.png in Resources */ = {isa = PBXBuildFile; fileRef = 2A28113F12EBCDFC00435C36 /* Events.png */; };
		2A28115212EBCE4A00435C36 /* General.png in Resources */ = {isa = PBXBuildFile; fileRef = 2A28114012EBCDFC00435C36 /* General.png */; };
		2A2F97A212F05C720069B37E /* FTP.bundle in PlugIns */ = {isa = PBXBuildFile; fileRef = 2A0C8C9412EF844F00A75AB7 /* FTP.bundle */; };
		2A2F995412F094F10069B37E /* SFTP.bundle in PlugIns */ = {isa = PBXBuildFile; fileRef = 2A2F994512F094710069B37E /* SFTP.bundle */; };
		2A2F996E12F095DA0069B37E /* MGMSFTPPlugIn.m in Sources */ = {isa = PBXBuildFile; fileRef = 2A2F996D12F095DA0069B37E /* MGMSFTPPlugIn.m */; };
		2A48832E12E52E84001618B5 /* RegexKitLite.m in Sources */ = {isa = PBXBuildFile; fileRef = 2A48832D12E52E84001618B5 /* RegexKitLite.m */; };
		2A48833512E52EAA001618B5 /* libicucore.dylib in Frameworks */ = {isa = PBXBuildFile; fileRef = 2A48833412E52EAA001618B5 /* libicucore.dylib */; };
		2A48835612E53232001618B5 /* MGMAutoUpdateField.m in Sources */ = {isa = PBXBuildFile; fileRef = 2A48835512E53232001618B5 /* MGMAutoUpdateField.m */; };
		2A48849612E678C3001618B5 /* MGMHTTPPlugIn.m in Sources */ = {isa = PBXBuildFile; fileRef = 2A48849512E678C3001618B5 /* MGMHTTPPlugIn.m */; };
		2A48849B12E679DC001618B5 /* HTTP.bundle in PlugIns */ = {isa = PBXBuildFile; fileRef = 2A48847612E6768D001618B5 /* HTTP.bundle */; };
		2A4FA5C912F9EDE0009F5B3A /* MGMLocalized.m in Sources */ = {isa = PBXBuildFile; fileRef = 2A4FA5C812F9EDE0009F5B3A /* MGMLocalized.m */; };
		2A4FA61112F9F8DE009F5B3A /* Localizable.strings in Resources */ = {isa = PBXBuildFile; fileRef = 2A4FA61012F9F8DE009F5B3A /* Localizable.strings */; };
		2A4FA61312F9F8E4009F5B3A /* HTTPAccountPane.xib in Resources */ = {isa = PBXBuildFile; fileRef = 2A4FA61212F9F8E4009F5B3A /* HTTPAccountPane.xib */; };
		2A4FA61712F9F8F0009F5B3A /* FTPAccountPane.xib in Resources */ = {isa = PBXBuildFile; fileRef = 2A4FA61612F9F8F0009F5B3A /* FTPAccountPane.xib */; };
		2A4FA61912F9F8F5009F5B3A /* SFTPAccountPane.xib in Resources */ = {isa = PBXBuildFile; fileRef = 2A4FA61812F9F8F5009F5B3A /* SFTPAccountPane.xib */; };
		2A4FA61B12F9F8FA009F5B3A /* WebDavAccountPane.xib in Resources */ = {isa = PBXBuildFile; fileRef = 2A4FA61A12F9F8FA009F5B3A /* WebDavAccountPane.xib */; };
		2A4FA61D12F9F900009F5B3A /* MobileMeAccountPane.xib in Resources */ = {isa = PBXBuildFile; fileRef = 2A4FA61C12F9F900009F5B3A /* MobileMeAccountPane.xib */; };
		2A4FA61F12F9F905009F5B3A /* twitpicAccountPane.xib in Resources */ = {isa = PBXBuildFile; fileRef = 2A4FA61E12F9F905009F5B3A /* twitpicAccountPane.xib */; };
		2A4FA62112F9F90A009F5B3A /* twitpicPostWindow.xib in Resources */ = {isa = PBXBuildFile; fileRef = 2A4FA62012F9F90A009F5B3A /* twitpicPostWindow.xib */; };
		2A52DDC512E3AC17000FC8CD /* CocoaShare.icns in Resources */ = {isa = PBXBuildFile; fileRef = 2A52DDC412E3AC16000FC8CD /* CocoaShare.icns */; };
		2A52DDC912E3AC26000FC8CD /* menuicon.png in Resources */ = {isa = PBXBuildFile; fileRef = 2A52DDC612E3AC26000FC8CD /* menuicon.png */; };
		2A52DDCA12E3AC26000FC8CD /* menuicondrag.png in Resources */ = {isa = PBXBuildFile; fileRef = 2A52DDC712E3AC26000FC8CD /* menuicondrag.png */; };
		2A52DDCB12E3AC26000FC8CD /* menuiconupload.png in Resources */ = {isa = PBXBuildFile; fileRef = 2A52DDC812E3AC26000FC8CD /* menuiconupload.png */; };
		2A52DF5812E3D041000FC8CD /* menuiconselected.png in Resources */ = {isa = PBXBuildFile; fileRef = 2A52DF5712E3D041000FC8CD /* menuiconselected.png */; };
		2A52DF7312E3D436000FC8CD /* MGMMenuItem.m in Sources */ = {isa = PBXBuildFile; fileRef = 2A52DF7212E3D436000FC8CD /* MGMMenuItem.m */; };
		2A55259D12F05BA700F97FE6 /* MGMFTPPlugIn.m in Sources */ = {isa = PBXBuildFile; fileRef = 2A0C8CB412EF854D00A75AB7 /* MGMFTPPlugIn.m */; };
		2A5C1B0812F2FB5D005153FA /* MGMWebDavPlugIn.m in Sources */ = {isa = PBXBuildFile; fileRef = 2A5C1B0712F2FB5D005153FA /* MGMWebDavPlugIn.m */; };
		2A5C1B4912F32EE3005153FA /* WebDav.bundle in PlugIns */ = {isa = PBXBuildFile; fileRef = 2A5C1AF312F2FA6F005153FA /* WebDav.bundle */; };
		2ACA5CD8160E76C700F294C2 /* MGMTinyGrabPlugIn.m in Sources */ = {isa = PBXBuildFile; fileRef = 2ACA5CD7160E76C700F294C2 /* MGMTinyGrabPlugIn.m */; };
		2ACA5CF1160E782700F294C2 /* TinyGrabAccountPane.xib in Resources */ = {isa = PBXBuildFile; fileRef = 2ACA5CEB160E782700F294C2 /* TinyGrabAccountPane.xib */; };
		2ACA5CF3160E782700F294C2 /* tinygrab.png in Resources */ = {isa = PBXBuildFile; fileRef = 2ACA5CF0160E782700F294C2 /* tinygrab.png */; };
		2ACA5CF4160E795600F294C2 /* MGMUsers.framework in Frameworks */ = {isa = PBXBuildFile; fileRef = 2AEAB3F112E2A57400552BAA /* MGMUsers.framework */; };
		2ACA5CF6160E796B00F294C2 /* Carbon.framework in Frameworks */ = {isa = PBXBuildFile; fileRef = 2ACA5CF5160E796B00F294C2 /* Carbon.framework */; };
		2ACA5CF9160E79A000F294C2 /* TinyGrab.bundle in PlugIns */ = {isa = PBXBuildFile; fileRef = 2ACA5CC7160E763A00F294C2 /* TinyGrab.bundle */; };
		2AEAB3F312E2A57400552BAA /* GeckoReporter.framework in Frameworks */ = {isa = PBXBuildFile; fileRef = 2AEAB3EF12E2A57400552BAA /* GeckoReporter.framework */; };
		2AEAB3F412E2A57400552BAA /* Growl.framework in Frameworks */ = {isa = PBXBuildFile; fileRef = 2AEAB3F012E2A57400552BAA /* Growl.framework */; };
		2AEAB3F512E2A57500552BAA /* MGMUsers.framework in Frameworks */ = {isa = PBXBuildFile; fileRef = 2AEAB3F112E2A57400552BAA /* MGMUsers.framework */; };
		2AEAB3F612E2A57500552BAA /* Sparkle.framework in Frameworks */ = {isa = PBXBuildFile; fileRef = 2AEAB3F212E2A57400552BAA /* Sparkle.framework */; };
		2AEAB42412E2A58F00552BAA /* GeckoReporter.framework in Frameworks */ = {isa = PBXBuildFile; fileRef = 2AEAB3EF12E2A57400552BAA /* GeckoReporter.framework */; };
		2AEAB42512E2A58F00552BAA /* Growl.framework in Frameworks */ = {isa = PBXBuildFile; fileRef = 2AEAB3F012E2A57400552BAA /* Growl.framework */; };
		2AEAB42612E2A58F00552BAA /* MGMUsers.framework in Frameworks */ = {isa = PBXBuildFile; fileRef = 2AEAB3F112E2A57400552BAA /* MGMUsers.framework */; };
		2AEAB42712E2A58F00552BAA /* Sparkle.framework in Frameworks */ = {isa = PBXBuildFile; fileRef = 2AEAB3F212E2A57400552BAA /* Sparkle.framework */; };
		2AEAB46112E2ACEA00552BAA /* MGMController.m in Sources */ = {isa = PBXBuildFile; fileRef = 2AEAB45E12E2ACEA00552BAA /* MGMController.m */; };
		2AEAB46212E2ACEA00552BAA /* MGMPathSubscriber.m in Sources */ = {isa = PBXBuildFile; fileRef = 2AEAB46012E2ACEA00552BAA /* MGMPathSubscriber.m */; };
		2AEAB47F12E2ADCD00552BAA /* main.m in Sources */ = {isa = PBXBuildFile; fileRef = 2AEAB47E12E2ADCD00552BAA /* main.m */; };
		2AEAB48912E2ADDF00552BAA /* InfoPlist.strings in Resources */ = {isa = PBXBuildFile; fileRef = 2AEAB48312E2ADDF00552BAA /* InfoPlist.strings */; };
		2AEAB48A12E2ADDF00552BAA /* MainMenu.xib in Resources */ = {isa = PBXBuildFile; fileRef = 2AEAB48512E2ADDF00552BAA /* MainMenu.xib */; };
		2AEAB49112E2AE4900552BAA /* MGMLoginItems.m in Sources */ = {isa = PBXBuildFile; fileRef = 2AEAB49012E2AE4900552BAA /* MGMLoginItems.m */; };
		2AEAB4B412E2AF6A00552BAA /* MGMGeneralPane.m in Sources */ = {isa = PBXBuildFile; fileRef = 2AEAB4B312E2AF6A00552BAA /* MGMGeneralPane.m */; };
		2AEAB4BB12E2AF9800552BAA /* MGMAccountPane.m in Sources */ = {isa = PBXBuildFile; fileRef = 2AEAB4BA12E2AF9800552BAA /* MGMAccountPane.m */; };
		2AEAB4C112E2AFB100552BAA /* MGMAutoUploadPane.m in Sources */ = {isa = PBXBuildFile; fileRef = 2AEAB4C012E2AFB100552BAA /* MGMAutoUploadPane.m */; };
		2AEAB4C612E2AFC800552BAA /* MGMEventsPane.m in Sources */ = {isa = PBXBuildFile; fileRef = 2AEAB4C512E2AFC800552BAA /* MGMEventsPane.m */; };
		2AEAB4EF12E2B2F600552BAA /* GeneralPane.xib in Resources */ = {isa = PBXBuildFile; fileRef = 2AEAB4EE12E2B2F600552BAA /* GeneralPane.xib */; };
		2AEAB4F112E2B2FB00552BAA /* AccountPane.xib in Resources */ = {isa = PBXBuildFile; fileRef = 2AEAB4F012E2B2FB00552BAA /* AccountPane.xib */; };
		2AEAB4F312E2B2FF00552BAA /* AutoUploadPane.xib in Resources */ = {isa = PBXBuildFile; fileRef = 2AEAB4F212E2B2FF00552BAA /* AutoUploadPane.xib */; };
		2AEAB4F512E2B30500552BAA /* EventsPane.xib in Resources */ = {isa = PBXBuildFile; fileRef = 2AEAB4F412E2B30500552BAA /* EventsPane.xib */; };
		2AEAB53712E2B68300552BAA /* dsa_pub.pem in Resources */ = {isa = PBXBuildFile; fileRef = 2AEAB53612E2B68300552BAA /* dsa_pub.pem */; };
		2AEF115912F527B900F495BE /* About.rtf in Resources */ = {isa = PBXBuildFile; fileRef = 2AEF115812F527B900F495BE /* About.rtf */; };
		2AEF118612F52A7D00F495BE /* CocoaShareIcon.png in Resources */ = {isa = PBXBuildFile; fileRef = 2AEF118512F52A7D00F495BE /* CocoaShareIcon.png */; };
		8D11072F0486CEB800E47090 /* Cocoa.framework in Frameworks */ = {isa = PBXBuildFile; fileRef = 1058C7A1FEA54F0111CA2CBB /* Cocoa.framework */; };
/* End PBXBuildFile section */

/* Begin PBXContainerItemProxy section */
		2A0501F912F49D54000F74EA /* PBXContainerItemProxy */ = {
			isa = PBXContainerItemProxy;
			containerPortal = 29B97313FDCFA39411CA2CEA /* Project object */;
			proxyType = 1;
			remoteGlobalIDString = 2A0501F012F49D08000F74EA;
			remoteInfo = MobileMe;
		};
		2A0503C912F4D460000F74EA /* PBXContainerItemProxy */ = {
			isa = PBXContainerItemProxy;
			containerPortal = 29B97313FDCFA39411CA2CEA /* Project object */;
			proxyType = 1;
			remoteGlobalIDString = 2A0503C212F4D43B000F74EA;
			remoteInfo = twitpic;
		};
		2A2F978B12F05C650069B37E /* PBXContainerItemProxy */ = {
			isa = PBXContainerItemProxy;
			containerPortal = 29B97313FDCFA39411CA2CEA /* Project object */;
			proxyType = 1;
			remoteGlobalIDString = 2A0C8C9312EF844F00A75AB7;
			remoteInfo = FTP;
		};
		2A2F994B12F094EA0069B37E /* PBXContainerItemProxy */ = {
			isa = PBXContainerItemProxy;
			containerPortal = 29B97313FDCFA39411CA2CEA /* Project object */;
			proxyType = 1;
			remoteGlobalIDString = 2A2F994412F094710069B37E;
			remoteInfo = SFTP;
		};
		2A48849712E679B6001618B5 /* PBXContainerItemProxy */ = {
			isa = PBXContainerItemProxy;
			containerPortal = 29B97313FDCFA39411CA2CEA /* Project object */;
			proxyType = 1;
			remoteGlobalIDString = 2A48847512E6768D001618B5;
			remoteInfo = HTTP;
		};
		2A5C1B4612F32EDF005153FA /* PBXContainerItemProxy */ = {
			isa = PBXContainerItemProxy;
			containerPortal = 29B97313FDCFA39411CA2CEA /* Project object */;
			proxyType = 1;
			remoteGlobalIDString = 2A5C1AF212F2FA6F005153FA;
			remoteInfo = WebDav;
		};
		2ACA5CF7160E799400F294C2 /* PBXContainerItemProxy */ = {
			isa = PBXContainerItemProxy;
			containerPortal = 29B97313FDCFA39411CA2CEA /* Project object */;
			proxyType = 1;
			remoteGlobalIDString = 2ACA5CC6160E763A00F294C2;
			remoteInfo = TinyGrab;
		};
		2AD9EFB212FEE51500FD7560 /* PBXContainerItemProxy */ = {
			isa = PBXContainerItemProxy;
			containerPortal = 29B97313FDCFA39411CA2CEA /* Project object */;
			proxyType = 1;
			remoteGlobalIDString = 2AD9EFAD12FEE1E000FD7560;
			remoteInfo = "Build Directory";
		};
/* End PBXContainerItemProxy section */

/* Begin PBXCopyFilesBuildPhase section */
		2A48849F12E679FA001618B5 /* PlugIns */ = {
			isa = PBXCopyFilesBuildPhase;
			buildActionMask = 2147483647;
			dstPath = "";
			dstSubfolderSpec = 13;
			files = (
				2A48849B12E679DC001618B5 /* HTTP.bundle in PlugIns */,
				2A2F97A212F05C720069B37E /* FTP.bundle in PlugIns */,
				2A2F995412F094F10069B37E /* SFTP.bundle in PlugIns */,
				2A5C1B4912F32EE3005153FA /* WebDav.bundle in PlugIns */,
				2A0501F812F49D4E000F74EA /* MobileMe.bundle in PlugIns */,
				2ACA5CF9160E79A000F294C2 /* TinyGrab.bundle in PlugIns */,
				2A0503CC12F4D464000F74EA /* twitpic.bundle in PlugIns */,
			);
			name = PlugIns;
			runOnlyForDeploymentPostprocessing = 0;
		};
		2AEAB42812E2A5BB00552BAA /* Frameworks */ = {
			isa = PBXCopyFilesBuildPhase;
			buildActionMask = 2147483647;
			dstPath = "";
			dstSubfolderSpec = 10;
			files = (
				2AEAB42412E2A58F00552BAA /* GeckoReporter.framework in Frameworks */,
				2AEAB42512E2A58F00552BAA /* Growl.framework in Frameworks */,
				2AEAB42612E2A58F00552BAA /* MGMUsers.framework in Frameworks */,
				2AEAB42712E2A58F00552BAA /* Sparkle.framework in Frameworks */,
			);
			name = Frameworks;
			runOnlyForDeploymentPostprocessing = 0;
		};
/* End PBXCopyFilesBuildPhase section */

/* Begin PBXFileReference section */
		1058C7A1FEA54F0111CA2CBB /* Cocoa.framework */ = {isa = PBXFileReference; lastKnownFileType = wrapper.framework; name = Cocoa.framework; path = /System/Library/Frameworks/Cocoa.framework; sourceTree = "<absolute>"; };
		13E42FB307B3F0F600E4EEF1 /* CoreData.framework */ = {isa = PBXFileReference; lastKnownFileType = wrapper.framework; name = CoreData.framework; path = /System/Library/Frameworks/CoreData.framework; sourceTree = "<absolute>"; };
		29B97324FDCFA39411CA2CEA /* AppKit.framework */ = {isa = PBXFileReference; lastKnownFileType = wrapper.framework; name = AppKit.framework; path = /System/Library/Frameworks/AppKit.framework; sourceTree = "<absolute>"; };
		29B97325FDCFA39411CA2CEA /* Foundation.framework */ = {isa = PBXFileReference; lastKnownFileType = wrapper.framework; name = Foundation.framework; path = /System/Library/Frameworks/Foundation.framework; sourceTree = "<absolute>"; };
		2A044B7912E68D3100E0B624 /* English */ = {isa = PBXFileReference; lastKnownFileType = file.xib; name = English; path = English.lproj/HTTPAccountPane.xib; sourceTree = "<group>"; };
		2A044B8A12E68E9E00E0B624 /* MGMPlugInProtocol.h */ = {isa = PBXFileReference; fileEncoding = 4; lastKnownFileType = sourcecode.c.h; path = MGMPlugInProtocol.h; sourceTree = "<group>"; };
		2A0501C512F49A7B000F74EA /* MGMWebDav.h */ = {isa = PBXFileReference; fileEncoding = 4; lastKnownFileType = sourcecode.c.h; path = MGMWebDav.h; sourceTree = "<group>"; };
		2A0501C612F49A7B000F74EA /* MGMWebDav.m */ = {isa = PBXFileReference; fileEncoding = 4; lastKnownFileType = sourcecode.c.objc; path = MGMWebDav.m; sourceTree = "<group>"; };
		2A0501C712F49A7B000F74EA /* MGMWebDavAddons.h */ = {isa = PBXFileReference; fileEncoding = 4; lastKnownFileType = sourcecode.c.h; path = MGMWebDavAddons.h; sourceTree = "<group>"; };
		2A0501C812F49A7B000F74EA /* MGMWebDavAddons.m */ = {isa = PBXFileReference; fileEncoding = 4; lastKnownFileType = sourcecode.c.objc; path = MGMWebDavAddons.m; sourceTree = "<group>"; };
		2A0501C912F49A7B000F74EA /* MGMWebDavDelete.h */ = {isa = PBXFileReference; fileEncoding = 4; lastKnownFileType = sourcecode.c.h; path = MGMWebDavDelete.h; sourceTree = "<group>"; };
		2A0501CA12F49A7B000F74EA /* MGMWebDavDelete.m */ = {isa = PBXFileReference; fileEncoding = 4; lastKnownFileType = sourcecode.c.objc; path = MGMWebDavDelete.m; sourceTree = "<group>"; };
		2A0501CB12F49A7B000F74EA /* MGMWebDavGet.h */ = {isa = PBXFileReference; fileEncoding = 4; lastKnownFileType = sourcecode.c.h; path = MGMWebDavGet.h; sourceTree = "<group>"; };
		2A0501CC12F49A7B000F74EA /* MGMWebDavGet.m */ = {isa = PBXFileReference; fileEncoding = 4; lastKnownFileType = sourcecode.c.objc; path = MGMWebDavGet.m; sourceTree = "<group>"; };
		2A0501CD12F49A7B000F74EA /* MGMWebDavMkCol.h */ = {isa = PBXFileReference; fileEncoding = 4; lastKnownFileType = sourcecode.c.h; path = MGMWebDavMkCol.h; sourceTree = "<group>"; };
		2A0501CE12F49A7B000F74EA /* MGMWebDavMkCol.m */ = {isa = PBXFileReference; fileEncoding = 4; lastKnownFileType = sourcecode.c.objc; path = MGMWebDavMkCol.m; sourceTree = "<group>"; };
		2A0501CF12F49A7B000F74EA /* MGMWebDavOptions.h */ = {isa = PBXFileReference; fileEncoding = 4; lastKnownFileType = sourcecode.c.h; path = MGMWebDavOptions.h; sourceTree = "<group>"; };
		2A0501D012F49A7B000F74EA /* MGMWebDavOptions.m */ = {isa = PBXFileReference; fileEncoding = 4; lastKnownFileType = sourcecode.c.objc; path = MGMWebDavOptions.m; sourceTree = "<group>"; };
		2A0501D112F49A7B000F74EA /* MGMWebDavPropFind.h */ = {isa = PBXFileReference; fileEncoding = 4; lastKnownFileType = sourcecode.c.h; path = MGMWebDavPropFind.h; sourceTree = "<group>"; };
		2A0501D212F49A7B000F74EA /* MGMWebDavPropFind.m */ = {isa = PBXFileReference; fileEncoding = 4; lastKnownFileType = sourcecode.c.objc; path = MGMWebDavPropFind.m; sourceTree = "<group>"; };
		2A0501D312F49A7B000F74EA /* MGMWebDavPut.h */ = {isa = PBXFileReference; fileEncoding = 4; lastKnownFileType = sourcecode.c.h; path = MGMWebDavPut.h; sourceTree = "<group>"; };
		2A0501D412F49A7B000F74EA /* MGMWebDavPut.m */ = {isa = PBXFileReference; fileEncoding = 4; lastKnownFileType = sourcecode.c.objc; path = MGMWebDavPut.m; sourceTree = "<group>"; };
		2A0501F112F49D08000F74EA /* MobileMe.bundle */ = {isa = PBXFileReference; explicitFileType = wrapper.cfbundle; includeInIndex = 0; path = MobileMe.bundle; sourceTree = BUILT_PRODUCTS_DIR; };
		2A05020212F49DDD000F74EA /* Info.plist */ = {isa = PBXFileReference; fileEncoding = 4; lastKnownFileType = text.plist.xml; path = Info.plist; sourceTree = "<group>"; };
		2A05020412F49DF0000F74EA /* prefix.pch */ = {isa = PBXFileReference; fileEncoding = 4; lastKnownFileType = sourcecode.c.h; name = prefix.pch; path = Classes/MobileMe/prefix.pch; sourceTree = "<group>"; };
		2A05022F12F49F74000F74EA /* MGMMobileMePlugIn.h */ = {isa = PBXFileReference; fileEncoding = 4; lastKnownFileType = sourcecode.c.h; path = MGMMobileMePlugIn.h; sourceTree = "<group>"; };
		2A05023012F49F74000F74EA /* MGMMobileMePlugIn.m */ = {isa = PBXFileReference; fileEncoding = 4; lastKnownFileType = sourcecode.c.objc; path = MGMMobileMePlugIn.m; sourceTree = "<group>"; };
		2A05023212F49F86000F74EA /* English */ = {isa = PBXFileReference; lastKnownFileType = file.xib; name = English; path = English.lproj/MobileMeAccountPane.xib; sourceTree = "<group>"; };
		2A0503C312F4D43B000F74EA /* twitpic.bundle */ = {isa = PBXFileReference; explicitFileType = wrapper.cfbundle; includeInIndex = 0; path = twitpic.bundle; sourceTree = BUILT_PRODUCTS_DIR; };
		2A0503D012F4D49E000F74EA /* Info.plist */ = {isa = PBXFileReference; fileEncoding = 4; lastKnownFileType = text.plist.xml; path = Info.plist; sourceTree = "<group>"; };
		2A0503D212F4D4AA000F74EA /* prefix.pch */ = {isa = PBXFileReference; fileEncoding = 4; lastKnownFileType = sourcecode.c.h; name = prefix.pch; path = Classes/twitpic/prefix.pch; sourceTree = "<group>"; };
		2A0503D512F4D4D5000F74EA /* English */ = {isa = PBXFileReference; lastKnownFileType = file.xib; name = English; path = English.lproj/twitpicAccountPane.xib; sourceTree = "<group>"; };
		2A0503D912F4D5E6000F74EA /* MGMTwitpicPlugIn.h */ = {isa = PBXFileReference; fileEncoding = 4; lastKnownFileType = sourcecode.c.h; path = MGMTwitpicPlugIn.h; sourceTree = "<group>"; };
		2A0503DA12F4D5E6000F74EA /* MGMTwitpicPlugIn.m */ = {isa = PBXFileReference; fileEncoding = 4; lastKnownFileType = sourcecode.c.objc; path = MGMTwitpicPlugIn.m; sourceTree = "<group>"; };
		2A0504B712F4E65C000F74EA /* MGMTwitpicPostWindow.h */ = {isa = PBXFileReference; fileEncoding = 4; lastKnownFileType = sourcecode.c.h; path = MGMTwitpicPostWindow.h; sourceTree = "<group>"; };
		2A0504B812F4E65C000F74EA /* MGMTwitpicPostWindow.m */ = {isa = PBXFileReference; fileEncoding = 4; lastKnownFileType = sourcecode.c.objc; path = MGMTwitpicPostWindow.m; sourceTree = "<group>"; };
		2A0504D912F4EA04000F74EA /* English */ = {isa = PBXFileReference; lastKnownFileType = file.xib; name = English; path = English.lproj/twitpicPostWindow.xib; sourceTree = "<group>"; };
		2A0504F212F4F024000F74EA /* QuartzCore.framework */ = {isa = PBXFileReference; lastKnownFileType = wrapper.framework; name = QuartzCore.framework; path = System/Library/Frameworks/QuartzCore.framework; sourceTree = SDKROOT; };
		2A0C8C9412EF844F00A75AB7 /* FTP.bundle */ = {isa = PBXFileReference; explicitFileType = wrapper.cfbundle; includeInIndex = 0; path = FTP.bundle; sourceTree = BUILT_PRODUCTS_DIR; };
		2A0C8CAB12EF84FE00A75AB7 /* Info.plist */ = {isa = PBXFileReference; fileEncoding = 4; lastKnownFileType = text.plist.xml; path = Info.plist; sourceTree = "<group>"; };
		2A0C8CAD12EF850900A75AB7 /* prefix.pch */ = {isa = PBXFileReference; fileEncoding = 4; lastKnownFileType = sourcecode.c.h; name = prefix.pch; path = Classes/FTP/prefix.pch; sourceTree = "<group>"; };
		2A0C8CB012EF853400A75AB7 /* English */ = {isa = PBXFileReference; lastKnownFileType = file.xib; name = English; path = English.lproj/FTPAccountPane.xib; sourceTree = "<group>"; };
		2A0C8CB312EF854D00A75AB7 /* MGMFTPPlugIn.h */ = {isa = PBXFileReference; fileEncoding = 4; lastKnownFileType = sourcecode.c.h; path = MGMFTPPlugIn.h; sourceTree = "<group>"; };
		2A0C8CB412EF854D00A75AB7 /* MGMFTPPlugIn.m */ = {isa = PBXFileReference; fileEncoding = 4; lastKnownFileType = sourcecode.c.objc; path = MGMFTPPlugIn.m; sourceTree = "<group>"; wrapsLines = 1; };
		2A1E47AA13095F5300102EBD /* sv */ = {isa = PBXFileReference; lastKnownFileType = text.plist.strings; name = sv; path = sv.lproj/Localizable.strings; sourceTree = "<group>"; };
		2A1E47AB1309605000102EBD /* sv */ = {isa = PBXFileReference; lastKnownFileType = file.xib; name = sv; path = sv.lproj/MainMenu.xib; sourceTree = "<group>"; };
		2A1E47AC130961C700102EBD /* sv */ = {isa = PBXFileReference; lastKnownFileType = file.xib; name = sv; path = sv.lproj/GeneralPane.xib; sourceTree = "<group>"; };
		2A1E47AD1309633600102EBD /* sv */ = {isa = PBXFileReference; lastKnownFileType = file.xib; name = sv; path = sv.lproj/AccountPane.xib; sourceTree = "<group>"; };
		2A1E47AE1309636800102EBD /* sv */ = {isa = PBXFileReference; lastKnownFileType = file.xib; name = sv; path = sv.lproj/AutoUploadPane.xib; sourceTree = "<group>"; };
		2A1E47AF1309653300102EBD /* sv */ = {isa = PBXFileReference; lastKnownFileType = file.xib; name = sv; path = sv.lproj/EventsPane.xib; sourceTree = "<group>"; };
		2A1E47B01309664400102EBD /* sv */ = {isa = PBXFileReference; lastKnownFileType = file.xib; name = sv; path = sv.lproj/HTTPAccountPane.xib; sourceTree = "<group>"; };
		2A1E47B21309670A00102EBD /* sv */ = {isa = PBXFileReference; lastKnownFileType = file.xib; name = sv; path = sv.lproj/FTPAccountPane.xib; sourceTree = "<group>"; };
		2A1E47B31309677800102EBD /* sv */ = {isa = PBXFileReference; lastKnownFileType = file.xib; name = sv; path = sv.lproj/SFTPAccountPane.xib; sourceTree = "<group>"; };
		2A1E47B41309681300102EBD /* sv */ = {isa = PBXFileReference; lastKnownFileType = file.xib; name = sv; path = sv.lproj/WebDavAccountPane.xib; sourceTree = "<group>"; };
		2A1E47B51309688F00102EBD /* sv */ = {isa = PBXFileReference; lastKnownFileType = file.xib; name = sv; path = sv.lproj/MobileMeAccountPane.xib; sourceTree = "<group>"; };
		2A1E47B6130968F300102EBD /* sv */ = {isa = PBXFileReference; lastKnownFileType = file.xib; name = sv; path = sv.lproj/twitpicAccountPane.xib; sourceTree = "<group>"; };
		2A1E47B71309695400102EBD /* sv */ = {isa = PBXFileReference; lastKnownFileType = file.xib; name = sv; path = sv.lproj/twitpicPostWindow.xib; sourceTree = "<group>"; };
		2A280C8412EB50FB00435C36 /* Growl Registration Ticket.growlRegDict */ = {isa = PBXFileReference; fileEncoding = 4; lastKnownFileType = text.xml; path = "Growl Registration Ticket.growlRegDict"; sourceTree = "<group>"; };
		2A28110012EBABC400435C36 /* MGMAddons.h */ = {isa = PBXFileReference; fileEncoding = 4; lastKnownFileType = sourcecode.c.h; path = MGMAddons.h; sourceTree = "<group>"; };
		2A28110112EBABC400435C36 /* MGMAddons.m */ = {isa = PBXFileReference; fileEncoding = 4; lastKnownFileType = sourcecode.c.objc; path = MGMAddons.m; sourceTree = "<group>"; };
		2A28113D12EBCDFC00435C36 /* Account.png */ = {isa = PBXFileReference; lastKnownFileType = image.png; path = Account.png; sourceTree = "<group>"; };
		2A28113E12EBCDFC00435C36 /* AutoUpload.png */ = {isa = PBXFileReference; lastKnownFileType = image.png; path = AutoUpload.png; sourceTree = "<group>"; };
		2A28113F12EBCDFC00435C36 /* Events.png */ = {isa = PBXFileReference; lastKnownFileType = image.png; path = Events.png; sourceTree = "<group>"; };
		2A28114012EBCDFC00435C36 /* General.png */ = {isa = PBXFileReference; lastKnownFileType = image.png; path = General.png; sourceTree = "<group>"; };
		2A28148112ECD20C00435C36 /* Security.framework */ = {isa = PBXFileReference; lastKnownFileType = wrapper.framework; name = Security.framework; path = System/Library/Frameworks/Security.framework; sourceTree = SDKROOT; };
		2A28153D12ECE24300435C36 /* libcrypto.dylib */ = {isa = PBXFileReference; lastKnownFileType = "compiled.mach-o.dylib"; name = libcrypto.dylib; path = usr/lib/libcrypto.dylib; sourceTree = SDKROOT; };
		2A2F994512F094710069B37E /* SFTP.bundle */ = {isa = PBXFileReference; explicitFileType = wrapper.cfbundle; includeInIndex = 0; path = SFTP.bundle; sourceTree = BUILT_PRODUCTS_DIR; };
		2A2F996112F095320069B37E /* prefix.pch */ = {isa = PBXFileReference; fileEncoding = 4; lastKnownFileType = sourcecode.c.h; name = prefix.pch; path = Classes/SFTP/prefix.pch; sourceTree = "<group>"; };
		2A2F996712F0955B0069B37E /* Info.plist */ = {isa = PBXFileReference; fileEncoding = 4; lastKnownFileType = text.plist.xml; path = Info.plist; sourceTree = "<group>"; };
		2A2F996912F0957E0069B37E /* English */ = {isa = PBXFileReference; lastKnownFileType = file.xib; name = English; path = English.lproj/SFTPAccountPane.xib; sourceTree = "<group>"; };
		2A2F996C12F095DA0069B37E /* MGMSFTPPlugIn.h */ = {isa = PBXFileReference; fileEncoding = 4; lastKnownFileType = sourcecode.c.h; path = MGMSFTPPlugIn.h; sourceTree = "<group>"; };
		2A2F996D12F095DA0069B37E /* MGMSFTPPlugIn.m */ = {isa = PBXFileReference; fileEncoding = 4; lastKnownFileType = sourcecode.c.objc; path = MGMSFTPPlugIn.m; sourceTree = "<group>"; wrapsLines = 1; };
		2A48832C12E52E84001618B5 /* RegexKitLite.h */ = {isa = PBXFileReference; fileEncoding = 4; lastKnownFileType = sourcecode.c.h; path = RegexKitLite.h; sourceTree = "<group>"; };
		2A48832D12E52E84001618B5 /* RegexKitLite.m */ = {isa = PBXFileReference; fileEncoding = 4; lastKnownFileType = sourcecode.c.objc; path = RegexKitLite.m; sourceTree = "<group>"; };
		2A48833412E52EAA001618B5 /* libicucore.dylib */ = {isa = PBXFileReference; lastKnownFileType = "compiled.mach-o.dylib"; name = libicucore.dylib; path = usr/lib/libicucore.dylib; sourceTree = SDKROOT; };
		2A48835412E53232001618B5 /* MGMAutoUpdateField.h */ = {isa = PBXFileReference; fileEncoding = 4; lastKnownFileType = sourcecode.c.h; path = MGMAutoUpdateField.h; sourceTree = "<group>"; };
		2A48835512E53232001618B5 /* MGMAutoUpdateField.m */ = {isa = PBXFileReference; fileEncoding = 4; lastKnownFileType = sourcecode.c.objc; path = MGMAutoUpdateField.m; sourceTree = "<group>"; };
		2A48847612E6768D001618B5 /* HTTP.bundle */ = {isa = PBXFileReference; explicitFileType = wrapper.cfbundle; includeInIndex = 0; path = HTTP.bundle; sourceTree = BUILT_PRODUCTS_DIR; };
		2A48848A12E67747001618B5 /* Info.plist */ = {isa = PBXFileReference; fileEncoding = 4; lastKnownFileType = text.plist.xml; path = Info.plist; sourceTree = "<group>"; };
		2A48849312E67874001618B5 /* prefix.pch */ = {isa = PBXFileReference; fileEncoding = 4; lastKnownFileType = sourcecode.c.h; name = prefix.pch; path = Classes/HTTP/prefix.pch; sourceTree = "<group>"; };
		2A48849412E678C3001618B5 /* MGMHTTPPlugIn.h */ = {isa = PBXFileReference; fileEncoding = 4; lastKnownFileType = sourcecode.c.h; path = MGMHTTPPlugIn.h; sourceTree = "<group>"; };
		2A48849512E678C3001618B5 /* MGMHTTPPlugIn.m */ = {isa = PBXFileReference; fileEncoding = 4; lastKnownFileType = sourcecode.c.objc; path = MGMHTTPPlugIn.m; sourceTree = "<group>"; };
		2A4C784112FC3A6300106ECD /* pt_PT */ = {isa = PBXFileReference; lastKnownFileType = file.xib; name = pt_PT; path = pt_PT.lproj/HTTPAccountPane.xib; sourceTree = "<group>"; };
		2A4C784512FC3A7C00106ECD /* pt_PT */ = {isa = PBXFileReference; lastKnownFileType = file.xib; name = pt_PT; path = pt_PT.lproj/FTPAccountPane.xib; sourceTree = "<group>"; };
		2A4C784712FC3A8300106ECD /* pt_PT */ = {isa = PBXFileReference; lastKnownFileType = file.xib; name = pt_PT; path = pt_PT.lproj/SFTPAccountPane.xib; sourceTree = "<group>"; };
		2A4C784912FC3A8C00106ECD /* pt_PT */ = {isa = PBXFileReference; lastKnownFileType = file.xib; name = pt_PT; path = pt_PT.lproj/WebDavAccountPane.xib; sourceTree = "<group>"; };
		2A4C784C12FC3B2900106ECD /* pt_PT */ = {isa = PBXFileReference; lastKnownFileType = file.xib; name = pt_PT; path = pt_PT.lproj/MobileMeAccountPane.xib; sourceTree = "<group>"; };
		2A4C784E12FC3B3100106ECD /* pt_PT */ = {isa = PBXFileReference; lastKnownFileType = file.xib; name = pt_PT; path = pt_PT.lproj/twitpicAccountPane.xib; sourceTree = "<group>"; };
		2A4C785012FC3B3800106ECD /* pt_PT */ = {isa = PBXFileReference; lastKnownFileType = file.xib; name = pt_PT; path = pt_PT.lproj/twitpicPostWindow.xib; sourceTree = "<group>"; };
		2A4FA57A12F9DA71009F5B3A /* English */ = {isa = PBXFileReference; fileEncoding = 4; lastKnownFileType = text.plist.strings; name = English; path = English.lproj/Localizable.strings; sourceTree = "<group>"; };
		2A4FA5C712F9EDE0009F5B3A /* MGMLocalized.h */ = {isa = PBXFileReference; fileEncoding = 4; lastKnownFileType = sourcecode.c.h; path = MGMLocalized.h; sourceTree = "<group>"; };
		2A4FA5C812F9EDE0009F5B3A /* MGMLocalized.m */ = {isa = PBXFileReference; fileEncoding = 4; lastKnownFileType = sourcecode.c.objc; path = MGMLocalized.m; sourceTree = "<group>"; };
		2A4FA65B12FAF223009F5B3A /* es */ = {isa = PBXFileReference; lastKnownFileType = text.plist.strings; name = es; path = es.lproj/Localizable.strings; sourceTree = "<group>"; };
		2A4FA77112FB42A7009F5B3A /* pt_PT */ = {isa = PBXFileReference; lastKnownFileType = text.plist.strings; name = pt_PT; path = pt_PT.lproj/Localizable.strings; sourceTree = "<group>"; };
		2A4FA7AA12FB4A72009F5B3A /* pt_PT */ = {isa = PBXFileReference; lastKnownFileType = file.xib; name = pt_PT; path = pt_PT.lproj/MainMenu.xib; sourceTree = "<group>"; };
		2A4FA7AF12FB4C2B009F5B3A /* pt_PT */ = {isa = PBXFileReference; lastKnownFileType = file.xib; name = pt_PT; path = pt_PT.lproj/GeneralPane.xib; sourceTree = "<group>"; };
		2A4FA7B512FB4CFA009F5B3A /* pt_PT */ = {isa = PBXFileReference; lastKnownFileType = file.xib; name = pt_PT; path = pt_PT.lproj/AccountPane.xib; sourceTree = "<group>"; };
		2A4FA7BE12FB4D85009F5B3A /* pt_PT */ = {isa = PBXFileReference; lastKnownFileType = file.xib; name = pt_PT; path = pt_PT.lproj/AutoUploadPane.xib; sourceTree = "<group>"; };
		2A4FA7C412FB4E82009F5B3A /* pt_PT */ = {isa = PBXFileReference; lastKnownFileType = file.xib; name = pt_PT; path = pt_PT.lproj/EventsPane.xib; sourceTree = "<group>"; };
		2A52DDC412E3AC16000FC8CD /* CocoaShare.icns */ = {isa = PBXFileReference; lastKnownFileType = image.icns; path = CocoaShare.icns; sourceTree = SOURCE_ROOT; };
		2A52DDC612E3AC26000FC8CD /* menuicon.png */ = {isa = PBXFileReference; lastKnownFileType = image.png; path = menuicon.png; sourceTree = "<group>"; };
		2A52DDC712E3AC26000FC8CD /* menuicondrag.png */ = {isa = PBXFileReference; lastKnownFileType = image.png; path = menuicondrag.png; sourceTree = "<group>"; };
		2A52DDC812E3AC26000FC8CD /* menuiconupload.png */ = {isa = PBXFileReference; lastKnownFileType = image.png; path = menuiconupload.png; sourceTree = "<group>"; };
		2A52DF5712E3D041000FC8CD /* menuiconselected.png */ = {isa = PBXFileReference; lastKnownFileType = image.png; path = menuiconselected.png; sourceTree = "<group>"; };
		2A52DF7112E3D436000FC8CD /* MGMMenuItem.h */ = {isa = PBXFileReference; fileEncoding = 4; lastKnownFileType = sourcecode.c.h; path = MGMMenuItem.h; sourceTree = "<group>"; };
		2A52DF7212E3D436000FC8CD /* MGMMenuItem.m */ = {isa = PBXFileReference; fileEncoding = 4; lastKnownFileType = sourcecode.c.objc; path = MGMMenuItem.m; sourceTree = "<group>"; };
		2A5C1AF312F2FA6F005153FA /* WebDav.bundle */ = {isa = PBXFileReference; explicitFileType = wrapper.cfbundle; includeInIndex = 0; path = WebDav.bundle; sourceTree = BUILT_PRODUCTS_DIR; };
		2A5C1AFE12F2FAF3005153FA /* Info.plist */ = {isa = PBXFileReference; fileEncoding = 4; lastKnownFileType = text.plist.xml; path = Info.plist; sourceTree = "<group>"; };
		2A5C1B0012F2FB04005153FA /* prefix.pch */ = {isa = PBXFileReference; fileEncoding = 4; lastKnownFileType = sourcecode.c.h; name = prefix.pch; path = Classes/WebDav/prefix.pch; sourceTree = "<group>"; };
		2A5C1B0312F2FB3F005153FA /* English */ = {isa = PBXFileReference; lastKnownFileType = file.xib; name = English; path = English.lproj/WebDavAccountPane.xib; sourceTree = "<group>"; };
		2A5C1B0612F2FB5D005153FA /* MGMWebDavPlugIn.h */ = {isa = PBXFileReference; fileEncoding = 4; lastKnownFileType = sourcecode.c.h; path = MGMWebDavPlugIn.h; sourceTree = "<group>"; };
		2A5C1B0712F2FB5D005153FA /* MGMWebDavPlugIn.m */ = {isa = PBXFileReference; fileEncoding = 4; lastKnownFileType = sourcecode.c.objc; path = MGMWebDavPlugIn.m; sourceTree = "<group>"; };
		2ACA5CC7160E763A00F294C2 /* TinyGrab.bundle */ = {isa = PBXFileReference; explicitFileType = wrapper.cfbundle; includeInIndex = 0; path = TinyGrab.bundle; sourceTree = BUILT_PRODUCTS_DIR; };
		2ACA5CC8160E763A00F294C2 /* CoreFoundation.framework */ = {isa = PBXFileReference; lastKnownFileType = wrapper.framework; name = CoreFoundation.framework; path = System/Library/Frameworks/CoreFoundation.framework; sourceTree = SDKROOT; };
		2ACA5CD5160E76B300F294C2 /* prefix.pch */ = {isa = PBXFileReference; fileEncoding = 4; lastKnownFileType = sourcecode.c.h; name = prefix.pch; path = Classes/TinyGrab/prefix.pch; sourceTree = "<group>"; };
		2ACA5CD6160E76C700F294C2 /* MGMTinyGrabPlugIn.h */ = {isa = PBXFileReference; fileEncoding = 4; lastKnownFileType = sourcecode.c.h; name = MGMTinyGrabPlugIn.h; path = TinyGrab/MGMTinyGrabPlugIn.h; sourceTree = "<group>"; };
		2ACA5CD7160E76C700F294C2 /* MGMTinyGrabPlugIn.m */ = {isa = PBXFileReference; fileEncoding = 4; lastKnownFileType = sourcecode.c.objc; name = MGMTinyGrabPlugIn.m; path = TinyGrab/MGMTinyGrabPlugIn.m; sourceTree = "<group>"; };
		2ACA5CEC160E782700F294C2 /* English */ = {isa = PBXFileReference; lastKnownFileType = file.xib; name = English; path = English.lproj/TinyGrabAccountPane.xib; sourceTree = "<group>"; };
		2ACA5CED160E782700F294C2 /* Info.plist */ = {isa = PBXFileReference; fileEncoding = 4; lastKnownFileType = text.plist.xml; path = Info.plist; sourceTree = "<group>"; };
		2ACA5CEE160E782700F294C2 /* pt_PT */ = {isa = PBXFileReference; lastKnownFileType = file.xib; name = pt_PT; path = pt_PT.lproj/TinyGrabAccountPane.xib; sourceTree = "<group>"; };
		2ACA5CEF160E782700F294C2 /* sv */ = {isa = PBXFileReference; lastKnownFileType = file.xib; name = sv; path = sv.lproj/TinyGrabAccountPane.xib; sourceTree = "<group>"; };
		2ACA5CF0160E782700F294C2 /* tinygrab.png */ = {isa = PBXFileReference; lastKnownFileType = image.png; path = tinygrab.png; sourceTree = "<group>"; };
		2ACA5CF5160E796B00F294C2 /* Carbon.framework */ = {isa = PBXFileReference; lastKnownFileType = wrapper.framework; name = Carbon.framework; path = System/Library/Frameworks/Carbon.framework; sourceTree = SDKROOT; };
		2AEAB3EF12E2A57400552BAA /* GeckoReporter.framework */ = {isa = PBXFileReference; lastKnownFileType = wrapper.framework; name = GeckoReporter.framework; path = Frameworks/GeckoReporter.framework; sourceTree = "<group>"; };
		2AEAB3F012E2A57400552BAA /* Growl.framework */ = {isa = PBXFileReference; lastKnownFileType = wrapper.framework; name = Growl.framework; path = Frameworks/Growl.framework; sourceTree = "<group>"; };
		2AEAB3F112E2A57400552BAA /* MGMUsers.framework */ = {isa = PBXFileReference; lastKnownFileType = wrapper.framework; name = MGMUsers.framework; path = Frameworks/MGMUsers.framework; sourceTree = "<group>"; };
		2AEAB3F212E2A57400552BAA /* Sparkle.framework */ = {isa = PBXFileReference; lastKnownFileType = wrapper.framework; name = Sparkle.framework; path = Frameworks/Sparkle.framework; sourceTree = "<group>"; };
		2AEAB45D12E2ACEA00552BAA /* MGMController.h */ = {isa = PBXFileReference; fileEncoding = 4; lastKnownFileType = sourcecode.c.h; path = MGMController.h; sourceTree = "<group>"; };
		2AEAB45E12E2ACEA00552BAA /* MGMController.m */ = {isa = PBXFileReference; fileEncoding = 4; lastKnownFileType = sourcecode.c.objc; path = MGMController.m; sourceTree = "<group>"; };
		2AEAB45F12E2ACEA00552BAA /* MGMPathSubscriber.h */ = {isa = PBXFileReference; fileEncoding = 4; lastKnownFileType = sourcecode.c.h; path = MGMPathSubscriber.h; sourceTree = "<group>"; };
		2AEAB46012E2ACEA00552BAA /* MGMPathSubscriber.m */ = {isa = PBXFileReference; fileEncoding = 4; lastKnownFileType = sourcecode.c.objc; path = MGMPathSubscriber.m; sourceTree = "<group>"; };
		2AEAB47E12E2ADCD00552BAA /* main.m */ = {isa = PBXFileReference; fileEncoding = 4; lastKnownFileType = sourcecode.c.objc; name = main.m; path = Classes/CocoaShare/main.m; sourceTree = "<group>"; };
		2AEAB48012E2ADD300552BAA /* prefix.pch */ = {isa = PBXFileReference; fileEncoding = 4; lastKnownFileType = sourcecode.c.h; name = prefix.pch; path = Classes/CocoaShare/prefix.pch; sourceTree = "<group>"; };
		2AEAB48412E2ADDF00552BAA /* English */ = {isa = PBXFileReference; fileEncoding = 4; lastKnownFileType = text.plist.strings; name = English; path = English.lproj/InfoPlist.strings; sourceTree = "<group>"; };
		2AEAB48612E2ADDF00552BAA /* English */ = {isa = PBXFileReference; lastKnownFileType = file.xib; name = English; path = English.lproj/MainMenu.xib; sourceTree = "<group>"; };
		2AEAB48C12E2ADEB00552BAA /* Info.plist */ = {isa = PBXFileReference; fileEncoding = 4; lastKnownFileType = text.plist.xml; path = Info.plist; sourceTree = "<group>"; };
		2AEAB48F12E2AE4900552BAA /* MGMLoginItems.h */ = {isa = PBXFileReference; fileEncoding = 4; lastKnownFileType = sourcecode.c.h; path = MGMLoginItems.h; sourceTree = "<group>"; };
		2AEAB49012E2AE4900552BAA /* MGMLoginItems.m */ = {isa = PBXFileReference; fileEncoding = 4; lastKnownFileType = sourcecode.c.objc; path = MGMLoginItems.m; sourceTree = "<group>"; };
		2AEAB4B212E2AF6A00552BAA /* MGMGeneralPane.h */ = {isa = PBXFileReference; fileEncoding = 4; lastKnownFileType = sourcecode.c.h; path = MGMGeneralPane.h; sourceTree = "<group>"; };
		2AEAB4B312E2AF6A00552BAA /* MGMGeneralPane.m */ = {isa = PBXFileReference; fileEncoding = 4; lastKnownFileType = sourcecode.c.objc; path = MGMGeneralPane.m; sourceTree = "<group>"; };
		2AEAB4B912E2AF9800552BAA /* MGMAccountPane.h */ = {isa = PBXFileReference; fileEncoding = 4; lastKnownFileType = sourcecode.c.h; path = MGMAccountPane.h; sourceTree = "<group>"; };
		2AEAB4BA12E2AF9800552BAA /* MGMAccountPane.m */ = {isa = PBXFileReference; fileEncoding = 4; lastKnownFileType = sourcecode.c.objc; path = MGMAccountPane.m; sourceTree = "<group>"; };
		2AEAB4BF12E2AFB100552BAA /* MGMAutoUploadPane.h */ = {isa = PBXFileReference; fileEncoding = 4; lastKnownFileType = sourcecode.c.h; path = MGMAutoUploadPane.h; sourceTree = "<group>"; };
		2AEAB4C012E2AFB100552BAA /* MGMAutoUploadPane.m */ = {isa = PBXFileReference; fileEncoding = 4; lastKnownFileType = sourcecode.c.objc; path = MGMAutoUploadPane.m; sourceTree = "<group>"; };
		2AEAB4C412E2AFC800552BAA /* MGMEventsPane.h */ = {isa = PBXFileReference; fileEncoding = 4; lastKnownFileType = sourcecode.c.h; path = MGMEventsPane.h; sourceTree = "<group>"; };
		2AEAB4C512E2AFC800552BAA /* MGMEventsPane.m */ = {isa = PBXFileReference; fileEncoding = 4; lastKnownFileType = sourcecode.c.objc; path = MGMEventsPane.m; sourceTree = "<group>"; };
		2AEAB4D412E2B1E600552BAA /* English */ = {isa = PBXFileReference; lastKnownFileType = file.xib; name = English; path = English.lproj/GeneralPane.xib; sourceTree = "<group>"; };
		2AEAB4DA12E2B22500552BAA /* English */ = {isa = PBXFileReference; lastKnownFileType = file.xib; name = English; path = English.lproj/AccountPane.xib; sourceTree = "<group>"; };
		2AEAB4DC12E2B23200552BAA /* English */ = {isa = PBXFileReference; lastKnownFileType = file.xib; name = English; path = English.lproj/AutoUploadPane.xib; sourceTree = "<group>"; };
		2AEAB4DE12E2B23D00552BAA /* English */ = {isa = PBXFileReference; lastKnownFileType = file.xib; name = English; path = English.lproj/EventsPane.xib; sourceTree = "<group>"; };
		2AEAB53612E2B68300552BAA /* dsa_pub.pem */ = {isa = PBXFileReference; fileEncoding = 4; lastKnownFileType = text; path = dsa_pub.pem; sourceTree = "<group>"; };
		2AEF115812F527B900F495BE /* About.rtf */ = {isa = PBXFileReference; lastKnownFileType = text.rtf; path = About.rtf; sourceTree = SOURCE_ROOT; };
		2AEF118512F52A7D00F495BE /* CocoaShareIcon.png */ = {isa = PBXFileReference; lastKnownFileType = image.png; path = CocoaShareIcon.png; sourceTree = SOURCE_ROOT; };
		8D1107320486CEB800E47090 /* CocoaShare.app */ = {isa = PBXFileReference; explicitFileType = wrapper.application; includeInIndex = 0; path = CocoaShare.app; sourceTree = BUILT_PRODUCTS_DIR; };
/* End PBXFileReference section */

/* Begin PBXFrameworksBuildPhase section */
		2A0501EF12F49D08000F74EA /* Frameworks */ = {
			isa = PBXFrameworksBuildPhase;
			buildActionMask = 2147483647;
			files = (
			);
			runOnlyForDeploymentPostprocessing = 0;
		};
		2A0503C112F4D43B000F74EA /* Frameworks */ = {
			isa = PBXFrameworksBuildPhase;
			buildActionMask = 2147483647;
			files = (
				2A05042D12F4DE17000F74EA /* MGMUsers.framework in Frameworks */,
			);
			runOnlyForDeploymentPostprocessing = 0;
		};
		2A0C8C9212EF844F00A75AB7 /* Frameworks */ = {
			isa = PBXFrameworksBuildPhase;
			buildActionMask = 2147483647;
			files = (
			);
			runOnlyForDeploymentPostprocessing = 0;
		};
		2A2F994312F094710069B37E /* Frameworks */ = {
			isa = PBXFrameworksBuildPhase;
			buildActionMask = 2147483647;
			files = (
			);
			runOnlyForDeploymentPostprocessing = 0;
		};
		2A48847412E6768D001618B5 /* Frameworks */ = {
			isa = PBXFrameworksBuildPhase;
			buildActionMask = 2147483647;
			files = (
				2A044D8F12E92DA800E0B624 /* MGMUsers.framework in Frameworks */,
			);
			runOnlyForDeploymentPostprocessing = 0;
		};
		2A5C1AF112F2FA6F005153FA /* Frameworks */ = {
			isa = PBXFrameworksBuildPhase;
			buildActionMask = 2147483647;
			files = (
			);
			runOnlyForDeploymentPostprocessing = 0;
		};
		2ACA5CC4160E763A00F294C2 /* Frameworks */ = {
			isa = PBXFrameworksBuildPhase;
			buildActionMask = 2147483647;
			files = (
				2ACA5CF4160E795600F294C2 /* MGMUsers.framework in Frameworks */,
			);
			runOnlyForDeploymentPostprocessing = 0;
		};
		8D11072E0486CEB800E47090 /* Frameworks */ = {
			isa = PBXFrameworksBuildPhase;
			buildActionMask = 2147483647;
			files = (
				2ACA5CF6160E796B00F294C2 /* Carbon.framework in Frameworks */,
				8D11072F0486CEB800E47090 /* Cocoa.framework in Frameworks */,
				2AEAB3F312E2A57400552BAA /* GeckoReporter.framework in Frameworks */,
				2AEAB3F412E2A57400552BAA /* Growl.framework in Frameworks */,
				2AEAB3F512E2A57500552BAA /* MGMUsers.framework in Frameworks */,
				2AEAB3F612E2A57500552BAA /* Sparkle.framework in Frameworks */,
				2A48833512E52EAA001618B5 /* libicucore.dylib in Frameworks */,
				2A0504F312F4F024000F74EA /* QuartzCore.framework in Frameworks */,
			);
			runOnlyForDeploymentPostprocessing = 0;
		};
/* End PBXFrameworksBuildPhase section */

/* Begin PBXGroup section */
		1058C7A0FEA54F0111CA2CBB /* Linked Frameworks */ = {
			isa = PBXGroup;
			children = (
				2ACA5CF5160E796B00F294C2 /* Carbon.framework */,
				2AEAB3EF12E2A57400552BAA /* GeckoReporter.framework */,
				2AEAB3F012E2A57400552BAA /* Growl.framework */,
				2AEAB3F112E2A57400552BAA /* MGMUsers.framework */,
				2AEAB3F212E2A57400552BAA /* Sparkle.framework */,
				1058C7A1FEA54F0111CA2CBB /* Cocoa.framework */,
				2A28148112ECD20C00435C36 /* Security.framework */,
				2A0504F212F4F024000F74EA /* QuartzCore.framework */,
			);
			name = "Linked Frameworks";
			sourceTree = "<group>";
		};
		1058C7A2FEA54F0111CA2CBB /* Other Frameworks */ = {
			isa = PBXGroup;
			children = (
				29B97324FDCFA39411CA2CEA /* AppKit.framework */,
				13E42FB307B3F0F600E4EEF1 /* CoreData.framework */,
				29B97325FDCFA39411CA2CEA /* Foundation.framework */,
			);
			name = "Other Frameworks";
			sourceTree = "<group>";
		};
		19C28FACFE9D520D11CA2CBB /* Products */ = {
			isa = PBXGroup;
			children = (
				8D1107320486CEB800E47090 /* CocoaShare.app */,
				2A48847612E6768D001618B5 /* HTTP.bundle */,
				2A0C8C9412EF844F00A75AB7 /* FTP.bundle */,
				2A2F994512F094710069B37E /* SFTP.bundle */,
				2A5C1AF312F2FA6F005153FA /* WebDav.bundle */,
				2A0501F112F49D08000F74EA /* MobileMe.bundle */,
				2A0503C312F4D43B000F74EA /* twitpic.bundle */,
				2ACA5CC7160E763A00F294C2 /* TinyGrab.bundle */,
			);
			name = Products;
			sourceTree = "<group>";
		};
		29B97314FDCFA39411CA2CEA /* CocoaShare */ = {
			isa = PBXGroup;
			children = (
				2AEAB45B12E2ACEA00552BAA /* Classes */,
				29B97315FDCFA39411CA2CEA /* Other Sources */,
				2AEAB48112E2ADDF00552BAA /* Resources */,
				29B97323FDCFA39411CA2CEA /* Frameworks */,
				19C28FACFE9D520D11CA2CBB /* Products */,
			);
			name = CocoaShare;
			sourceTree = "<group>";
		};
		29B97315FDCFA39411CA2CEA /* Other Sources */ = {
			isa = PBXGroup;
			children = (
				2A48849112E67841001618B5 /* CocoaShare */,
				2A48849212E6785A001618B5 /* HTTP */,
				2A0C8CAF12EF851000A75AB7 /* FTP */,
				2A2F996212F095380069B37E /* SFTP */,
				2A5C1B0212F2FB09005153FA /* WebDav */,
				2A05020512F49DF4000F74EA /* MobileMe */,
				2ACA5CD4160E764B00F294C2 /* TinyGrab */,
				2A0503D312F4D4B0000F74EA /* twitpic */,
			);
			name = "Other Sources";
			sourceTree = "<group>";
		};
		29B97323FDCFA39411CA2CEA /* Frameworks */ = {
			isa = PBXGroup;
			children = (
				2A48833312E52E9B001618B5 /* Linked Libraries */,
				1058C7A0FEA54F0111CA2CBB /* Linked Frameworks */,
				2ACA5CC8160E763A00F294C2 /* CoreFoundation.framework */,
				1058C7A2FEA54F0111CA2CBB /* Other Frameworks */,
			);
			name = Frameworks;
			sourceTree = "<group>";
		};
		2A0501C412F49A7B000F74EA /* MGMWebDav */ = {
			isa = PBXGroup;
			children = (
				2A0501C512F49A7B000F74EA /* MGMWebDav.h */,
				2A0501C612F49A7B000F74EA /* MGMWebDav.m */,
				2A0501C712F49A7B000F74EA /* MGMWebDavAddons.h */,
				2A0501C812F49A7B000F74EA /* MGMWebDavAddons.m */,
				2A0501C912F49A7B000F74EA /* MGMWebDavDelete.h */,
				2A0501CA12F49A7B000F74EA /* MGMWebDavDelete.m */,
				2A0501CB12F49A7B000F74EA /* MGMWebDavGet.h */,
				2A0501CC12F49A7B000F74EA /* MGMWebDavGet.m */,
				2A0501CD12F49A7B000F74EA /* MGMWebDavMkCol.h */,
				2A0501CE12F49A7B000F74EA /* MGMWebDavMkCol.m */,
				2A0501CF12F49A7B000F74EA /* MGMWebDavOptions.h */,
				2A0501D012F49A7B000F74EA /* MGMWebDavOptions.m */,
				2A0501D112F49A7B000F74EA /* MGMWebDavPropFind.h */,
				2A0501D212F49A7B000F74EA /* MGMWebDavPropFind.m */,
				2A0501D312F49A7B000F74EA /* MGMWebDavPut.h */,
				2A0501D412F49A7B000F74EA /* MGMWebDavPut.m */,
			);
			path = MGMWebDav;
			sourceTree = "<group>";
		};
		2A05020112F49DDD000F74EA /* MobileMe */ = {
			isa = PBXGroup;
			children = (
				2A05020212F49DDD000F74EA /* Info.plist */,
				2A4FA61C12F9F900009F5B3A /* MobileMeAccountPane.xib */,
			);
			path = MobileMe;
			sourceTree = "<group>";
		};
		2A05020312F49DF0000F74EA /* MobileMe */ = {
			isa = PBXGroup;
			children = (
				2A05022F12F49F74000F74EA /* MGMMobileMePlugIn.h */,
				2A05023012F49F74000F74EA /* MGMMobileMePlugIn.m */,
			);
			path = MobileMe;
			sourceTree = "<group>";
		};
		2A05020512F49DF4000F74EA /* MobileMe */ = {
			isa = PBXGroup;
			children = (
				2A05020412F49DF0000F74EA /* prefix.pch */,
			);
			name = MobileMe;
			sourceTree = "<group>";
		};
		2A0503CF12F4D49E000F74EA /* twitpic */ = {
			isa = PBXGroup;
			children = (
				2A0503D012F4D49E000F74EA /* Info.plist */,
				2A4FA61E12F9F905009F5B3A /* twitpicAccountPane.xib */,
				2A4FA62012F9F90A009F5B3A /* twitpicPostWindow.xib */,
			);
			path = twitpic;
			sourceTree = "<group>";
		};
		2A0503D112F4D4AA000F74EA /* twitpic */ = {
			isa = PBXGroup;
			children = (
				2A0503D912F4D5E6000F74EA /* MGMTwitpicPlugIn.h */,
				2A0503DA12F4D5E6000F74EA /* MGMTwitpicPlugIn.m */,
				2A0504B712F4E65C000F74EA /* MGMTwitpicPostWindow.h */,
				2A0504B812F4E65C000F74EA /* MGMTwitpicPostWindow.m */,
			);
			path = twitpic;
			sourceTree = "<group>";
		};
		2A0503D312F4D4B0000F74EA /* twitpic */ = {
			isa = PBXGroup;
			children = (
				2A0503D212F4D4AA000F74EA /* prefix.pch */,
			);
			name = twitpic;
			sourceTree = "<group>";
		};
		2A0C8CAA12EF84FE00A75AB7 /* FTP */ = {
			isa = PBXGroup;
			children = (
				2A0C8CAB12EF84FE00A75AB7 /* Info.plist */,
				2A4FA61612F9F8F0009F5B3A /* FTPAccountPane.xib */,
			);
			path = FTP;
			sourceTree = "<group>";
		};
		2A0C8CAC12EF850900A75AB7 /* FTP */ = {
			isa = PBXGroup;
			children = (
				2A0C8CB312EF854D00A75AB7 /* MGMFTPPlugIn.h */,
				2A0C8CB412EF854D00A75AB7 /* MGMFTPPlugIn.m */,
			);
			path = FTP;
			sourceTree = "<group>";
		};
		2A0C8CAF12EF851000A75AB7 /* FTP */ = {
			isa = PBXGroup;
			children = (
				2A0C8CAD12EF850900A75AB7 /* prefix.pch */,
			);
			name = FTP;
			sourceTree = "<group>";
		};
		2A2F996012F095320069B37E /* SFTP */ = {
			isa = PBXGroup;
			children = (
				2A2F996C12F095DA0069B37E /* MGMSFTPPlugIn.h */,
				2A2F996D12F095DA0069B37E /* MGMSFTPPlugIn.m */,
			);
			path = SFTP;
			sourceTree = "<group>";
		};
		2A2F996212F095380069B37E /* SFTP */ = {
			isa = PBXGroup;
			children = (
				2A2F996112F095320069B37E /* prefix.pch */,
			);
			name = SFTP;
			sourceTree = "<group>";
		};
		2A2F996612F0955B0069B37E /* SFTP */ = {
			isa = PBXGroup;
			children = (
				2A2F996712F0955B0069B37E /* Info.plist */,
				2A4FA61812F9F8F5009F5B3A /* SFTPAccountPane.xib */,
			);
			path = SFTP;
			sourceTree = "<group>";
		};
		2A48832B12E52E84001618B5 /* RegexKit */ = {
			isa = PBXGroup;
			children = (
				2A48832C12E52E84001618B5 /* RegexKitLite.h */,
				2A48832D12E52E84001618B5 /* RegexKitLite.m */,
			);
			path = RegexKit;
			sourceTree = "<group>";
		};
		2A48833312E52E9B001618B5 /* Linked Libraries */ = {
			isa = PBXGroup;
			children = (
				2A28153D12ECE24300435C36 /* libcrypto.dylib */,
				2A48833412E52EAA001618B5 /* libicucore.dylib */,
			);
			name = "Linked Libraries";
			sourceTree = "<group>";
		};
		2A48847B12E67713001618B5 /* HTTP */ = {
			isa = PBXGroup;
			children = (
				2A48849412E678C3001618B5 /* MGMHTTPPlugIn.h */,
				2A48849512E678C3001618B5 /* MGMHTTPPlugIn.m */,
			);
			path = HTTP;
			sourceTree = "<group>";
		};
		2A48848712E67738001618B5 /* HTTP */ = {
			isa = PBXGroup;
			children = (
				2A48848A12E67747001618B5 /* Info.plist */,
				2A4FA61212F9F8E4009F5B3A /* HTTPAccountPane.xib */,
			);
			path = HTTP;
			sourceTree = "<group>";
		};
		2A48849112E67841001618B5 /* CocoaShare */ = {
			isa = PBXGroup;
			children = (
				2AEAB47E12E2ADCD00552BAA /* main.m */,
				2AEAB48012E2ADD300552BAA /* prefix.pch */,
			);
			name = CocoaShare;
			sourceTree = "<group>";
		};
		2A48849212E6785A001618B5 /* HTTP */ = {
			isa = PBXGroup;
			children = (
				2A48849312E67874001618B5 /* prefix.pch */,
			);
			name = HTTP;
			sourceTree = "<group>";
		};
		2A5C1AFD12F2FAF3005153FA /* WebDav */ = {
			isa = PBXGroup;
			children = (
				2A5C1AFE12F2FAF3005153FA /* Info.plist */,
				2A4FA61A12F9F8FA009F5B3A /* WebDavAccountPane.xib */,
			);
			path = WebDav;
			sourceTree = "<group>";
		};
		2A5C1AFF12F2FB04005153FA /* WebDav */ = {
			isa = PBXGroup;
			children = (
				2A5C1B0612F2FB5D005153FA /* MGMWebDavPlugIn.h */,
				2A5C1B0712F2FB5D005153FA /* MGMWebDavPlugIn.m */,
			);
			path = WebDav;
			sourceTree = "<group>";
		};
		2A5C1B0212F2FB09005153FA /* WebDav */ = {
			isa = PBXGroup;
			children = (
				2A5C1B0012F2FB04005153FA /* prefix.pch */,
			);
			name = WebDav;
			sourceTree = "<group>";
		};
		2ACA5CC2160E75F000F294C2 /* TinyGrab */ = {
			isa = PBXGroup;
			children = (
				2ACA5CD6160E76C700F294C2 /* MGMTinyGrabPlugIn.h */,
				2ACA5CD7160E76C700F294C2 /* MGMTinyGrabPlugIn.m */,
			);
			name = TinyGrab;
			sourceTree = "<group>";
		};
		2ACA5CD4160E764B00F294C2 /* TinyGrab */ = {
			isa = PBXGroup;
			children = (
				2ACA5CD5160E76B300F294C2 /* prefix.pch */,
			);
			name = TinyGrab;
			sourceTree = "<group>";
		};
		2ACA5CEA160E782700F294C2 /* TinyGrab */ = {
			isa = PBXGroup;
			children = (
				2ACA5CEB160E782700F294C2 /* TinyGrabAccountPane.xib */,
				2ACA5CED160E782700F294C2 /* Info.plist */,
				2ACA5CF0160E782700F294C2 /* tinygrab.png */,
			);
			path = TinyGrab;
			sourceTree = "<group>";
		};
		2AEAB45B12E2ACEA00552BAA /* Classes */ = {
			isa = PBXGroup;
			children = (
				2AEAB45C12E2ACEA00552BAA /* CocoaShare */,
				2A48847B12E67713001618B5 /* HTTP */,
				2A0C8CAC12EF850900A75AB7 /* FTP */,
				2A2F996012F095320069B37E /* SFTP */,
				2A5C1AFF12F2FB04005153FA /* WebDav */,
				2A05020312F49DF0000F74EA /* MobileMe */,
				2ACA5CC2160E75F000F294C2 /* TinyGrab */,
				2A0503D112F4D4AA000F74EA /* twitpic */,
			);
			path = Classes;
			sourceTree = "<group>";
		};
		2AEAB45C12E2ACEA00552BAA /* CocoaShare */ = {
			isa = PBXGroup;
			children = (
				2AEAB45D12E2ACEA00552BAA /* MGMController.h */,
				2AEAB45E12E2ACEA00552BAA /* MGMController.m */,
				2A28110012EBABC400435C36 /* MGMAddons.h */,
				2A28110112EBABC400435C36 /* MGMAddons.m */,
				2AEAB48F12E2AE4900552BAA /* MGMLoginItems.h */,
				2AEAB49012E2AE4900552BAA /* MGMLoginItems.m */,
				2AEAB45F12E2ACEA00552BAA /* MGMPathSubscriber.h */,
				2AEAB46012E2ACEA00552BAA /* MGMPathSubscriber.m */,
				2A52DF7112E3D436000FC8CD /* MGMMenuItem.h */,
				2A52DF7212E3D436000FC8CD /* MGMMenuItem.m */,
				2A48835412E53232001618B5 /* MGMAutoUpdateField.h */,
				2A48835512E53232001618B5 /* MGMAutoUpdateField.m */,
				2A4FA5C712F9EDE0009F5B3A /* MGMLocalized.h */,
				2A4FA5C812F9EDE0009F5B3A /* MGMLocalized.m */,
				2AEAB46312E2ACF400552BAA /* Preferences */,
				2A48832B12E52E84001618B5 /* RegexKit */,
				2A0501C412F49A7B000F74EA /* MGMWebDav */,
				2A044B8A12E68E9E00E0B624 /* MGMPlugInProtocol.h */,
			);
			path = CocoaShare;
			sourceTree = "<group>";
		};
		2AEAB46312E2ACF400552BAA /* Preferences */ = {
			isa = PBXGroup;
			children = (
				2AEAB4B212E2AF6A00552BAA /* MGMGeneralPane.h */,
				2AEAB4B312E2AF6A00552BAA /* MGMGeneralPane.m */,
				2AEAB4B912E2AF9800552BAA /* MGMAccountPane.h */,
				2AEAB4BA12E2AF9800552BAA /* MGMAccountPane.m */,
				2AEAB4BF12E2AFB100552BAA /* MGMAutoUploadPane.h */,
				2AEAB4C012E2AFB100552BAA /* MGMAutoUploadPane.m */,
				2AEAB4C412E2AFC800552BAA /* MGMEventsPane.h */,
				2AEAB4C512E2AFC800552BAA /* MGMEventsPane.m */,
			);
			path = Preferences;
			sourceTree = "<group>";
		};
		2AEAB48112E2ADDF00552BAA /* Resources */ = {
			isa = PBXGroup;
			children = (
				2AEAB48212E2ADDF00552BAA /* CocoaShare */,
				2A48848712E67738001618B5 /* HTTP */,
				2A0C8CAA12EF84FE00A75AB7 /* FTP */,
				2A2F996612F0955B0069B37E /* SFTP */,
				2A5C1AFD12F2FAF3005153FA /* WebDav */,
				2A05020112F49DDD000F74EA /* MobileMe */,
				2ACA5CEA160E782700F294C2 /* TinyGrab */,
				2A0503CF12F4D49E000F74EA /* twitpic */,
			);
			path = Resources;
			sourceTree = "<group>";
		};
		2AEAB48212E2ADDF00552BAA /* CocoaShare */ = {
			isa = PBXGroup;
			children = (
				2AEAB48312E2ADDF00552BAA /* InfoPlist.strings */,
				2AEAB48512E2ADDF00552BAA /* MainMenu.xib */,
				2AEAB48C12E2ADEB00552BAA /* Info.plist */,
				2AEF115812F527B900F495BE /* About.rtf */,
				2A52DDC412E3AC16000FC8CD /* CocoaShare.icns */,
				2AEAB53612E2B68300552BAA /* dsa_pub.pem */,
				2A280C8412EB50FB00435C36 /* Growl Registration Ticket.growlRegDict */,
				2AEF118512F52A7D00F495BE /* CocoaShareIcon.png */,
				2A52DDC612E3AC26000FC8CD /* menuicon.png */,
				2A52DDC712E3AC26000FC8CD /* menuicondrag.png */,
				2A52DF5712E3D041000FC8CD /* menuiconselected.png */,
				2A52DDC812E3AC26000FC8CD /* menuiconupload.png */,
				2A4FA61012F9F8DE009F5B3A /* Localizable.strings */,
				2AEAB48812E2ADDF00552BAA /* Preferences */,
			);
			path = CocoaShare;
			sourceTree = "<group>";
		};
		2AEAB48812E2ADDF00552BAA /* Preferences */ = {
			isa = PBXGroup;
			children = (
				2AEAB4EE12E2B2F600552BAA /* GeneralPane.xib */,
				2A28114012EBCDFC00435C36 /* General.png */,
				2AEAB4F012E2B2FB00552BAA /* AccountPane.xib */,
				2A28113D12EBCDFC00435C36 /* Account.png */,
				2AEAB4F212E2B2FF00552BAA /* AutoUploadPane.xib */,
				2A28113E12EBCDFC00435C36 /* AutoUpload.png */,
				2AEAB4F412E2B30500552BAA /* EventsPane.xib */,
				2A28113F12EBCDFC00435C36 /* Events.png */,
			);
			path = Preferences;
			sourceTree = "<group>";
		};
/* End PBXGroup section */

/* Begin PBXNativeTarget section */
		2A0501F012F49D08000F74EA /* MobileMe */ = {
			isa = PBXNativeTarget;
			buildConfigurationList = 2A0501F612F49D0C000F74EA /* Build configuration list for PBXNativeTarget "MobileMe" */;
			buildPhases = (
				2A0501ED12F49D08000F74EA /* Resources */,
				2A0501EE12F49D08000F74EA /* Sources */,
				2A0501EF12F49D08000F74EA /* Frameworks */,
			);
			buildRules = (
			);
			dependencies = (
			);
			name = MobileMe;
			productName = MobileMe;
			productReference = 2A0501F112F49D08000F74EA /* MobileMe.bundle */;
			productType = "com.apple.product-type.bundle";
		};
		2A0503C212F4D43B000F74EA /* twitpic */ = {
			isa = PBXNativeTarget;
			buildConfigurationList = 2A0503C712F4D43C000F74EA /* Build configuration list for PBXNativeTarget "twitpic" */;
			buildPhases = (
				2A0503BF12F4D43B000F74EA /* Resources */,
				2A0503C012F4D43B000F74EA /* Sources */,
				2A0503C112F4D43B000F74EA /* Frameworks */,
			);
			buildRules = (
			);
			dependencies = (
			);
			name = twitpic;
			productName = twitpic;
			productReference = 2A0503C312F4D43B000F74EA /* twitpic.bundle */;
			productType = "com.apple.product-type.bundle";
		};
		2A0C8C9312EF844F00A75AB7 /* FTP */ = {
			isa = PBXNativeTarget;
			buildConfigurationList = 2A0C8C9812EF845100A75AB7 /* Build configuration list for PBXNativeTarget "FTP" */;
			buildPhases = (
				2A0C8C9012EF844F00A75AB7 /* Resources */,
				2A0C8C9112EF844F00A75AB7 /* Sources */,
				2A0C8C9212EF844F00A75AB7 /* Frameworks */,
			);
			buildRules = (
			);
			dependencies = (
			);
			name = FTP;
			productName = FTP;
			productReference = 2A0C8C9412EF844F00A75AB7 /* FTP.bundle */;
			productType = "com.apple.product-type.bundle";
		};
		2A2F994412F094710069B37E /* SFTP */ = {
			isa = PBXNativeTarget;
			buildConfigurationList = 2A2F994A12F094750069B37E /* Build configuration list for PBXNativeTarget "SFTP" */;
			buildPhases = (
				2A2F994112F094710069B37E /* Resources */,
				2A2F994212F094710069B37E /* Sources */,
				2A2F994312F094710069B37E /* Frameworks */,
			);
			buildRules = (
			);
			dependencies = (
			);
			name = SFTP;
			productName = SFTP;
			productReference = 2A2F994512F094710069B37E /* SFTP.bundle */;
			productType = "com.apple.product-type.bundle";
		};
		2A48847512E6768D001618B5 /* HTTP */ = {
			isa = PBXNativeTarget;
			buildConfigurationList = 2A48847A12E6768E001618B5 /* Build configuration list for PBXNativeTarget "HTTP" */;
			buildPhases = (
				2A48847212E6768D001618B5 /* Resources */,
				2A48847312E6768D001618B5 /* Sources */,
				2A48847412E6768D001618B5 /* Frameworks */,
			);
			buildRules = (
			);
			dependencies = (
			);
			name = HTTP;
			productName = HTTP;
			productReference = 2A48847612E6768D001618B5 /* HTTP.bundle */;
			productType = "com.apple.product-type.bundle";
		};
		2A5C1AF212F2FA6F005153FA /* WebDav */ = {
			isa = PBXNativeTarget;
			buildConfigurationList = 2A5C1AF812F2FA70005153FA /* Build configuration list for PBXNativeTarget "WebDav" */;
			buildPhases = (
				2A5C1AEF12F2FA6F005153FA /* Resources */,
				2A5C1AF012F2FA6F005153FA /* Sources */,
				2A5C1AF112F2FA6F005153FA /* Frameworks */,
			);
			buildRules = (
			);
			dependencies = (
			);
			name = WebDav;
			productName = WebDav;
			productReference = 2A5C1AF312F2FA6F005153FA /* WebDav.bundle */;
			productType = "com.apple.product-type.bundle";
		};
		2ACA5CC6160E763A00F294C2 /* TinyGrab */ = {
			isa = PBXNativeTarget;
			buildConfigurationList = 2ACA5CD1160E763A00F294C2 /* Build configuration list for PBXNativeTarget "TinyGrab" */;
			buildPhases = (
				2ACA5CC3160E763A00F294C2 /* Sources */,
				2ACA5CC4160E763A00F294C2 /* Frameworks */,
				2ACA5CC5160E763A00F294C2 /* Resources */,
			);
			buildRules = (
			);
			dependencies = (
			);
			name = TinyGrab;
			productName = TinyGrab;
			productReference = 2ACA5CC7160E763A00F294C2 /* TinyGrab.bundle */;
			productType = "com.apple.product-type.bundle";
		};
		8D1107260486CEB800E47090 /* CocoaShare */ = {
			isa = PBXNativeTarget;
			buildConfigurationList = C01FCF4A08A954540054247B /* Build configuration list for PBXNativeTarget "CocoaShare" */;
			buildPhases = (
				8D1107290486CEB800E47090 /* Resources */,
				8D11072C0486CEB800E47090 /* Sources */,
				8D11072E0486CEB800E47090 /* Frameworks */,
				2AEAB42812E2A5BB00552BAA /* Frameworks */,
				2A48849F12E679FA001618B5 /* PlugIns */,
			);
			buildRules = (
			);
			dependencies = (
				2AD9EFB312FEE51500FD7560 /* PBXTargetDependency */,
				2A48849812E679B6001618B5 /* PBXTargetDependency */,
				2A2F978C12F05C650069B37E /* PBXTargetDependency */,
				2A2F994C12F094EA0069B37E /* PBXTargetDependency */,
				2A5C1B4712F32EDF005153FA /* PBXTargetDependency */,
				2A0501FA12F49D54000F74EA /* PBXTargetDependency */,
				2ACA5CF8160E799400F294C2 /* PBXTargetDependency */,
				2A0503CA12F4D460000F74EA /* PBXTargetDependency */,
			);
			name = CocoaShare;
			productInstallPath = "$(HOME)/Applications";
			productName = CocoaShare;
			productReference = 8D1107320486CEB800E47090 /* CocoaShare.app */;
			productType = "com.apple.product-type.application";
		};
/* End PBXNativeTarget section */

/* Begin PBXProject section */
		29B97313FDCFA39411CA2CEA /* Project object */ = {
			isa = PBXProject;
			attributes = {
			};
			buildConfigurationList = C01FCF4E08A954540054247B /* Build configuration list for PBXProject "CocoaShare" */;
			compatibilityVersion = "Xcode 3.1";
			developmentRegion = English;
			hasScannedForEncodings = 1;
			knownRegions = (
				English,
				Japanese,
				French,
				German,
				es,
				portuguese,
				pt_PT,
				sv,
				en,
			);
			mainGroup = 29B97314FDCFA39411CA2CEA /* CocoaShare */;
			projectDirPath = "";
			projectRoot = "";
			targets = (
				8D1107260486CEB800E47090 /* CocoaShare */,
				2A48847512E6768D001618B5 /* HTTP */,
				2A0C8C9312EF844F00A75AB7 /* FTP */,
				2A2F994412F094710069B37E /* SFTP */,
				2A5C1AF212F2FA6F005153FA /* WebDav */,
				2A0501F012F49D08000F74EA /* MobileMe */,
				2ACA5CC6160E763A00F294C2 /* TinyGrab */,
				2A0503C212F4D43B000F74EA /* twitpic */,
				2AD9EFAD12FEE1E000FD7560 /* Build Directory */,
			);
		};
/* End PBXProject section */

/* Begin PBXResourcesBuildPhase section */
		2A0501ED12F49D08000F74EA /* Resources */ = {
			isa = PBXResourcesBuildPhase;
			buildActionMask = 2147483647;
			files = (
				2A4FA61D12F9F900009F5B3A /* MobileMeAccountPane.xib in Resources */,
			);
			runOnlyForDeploymentPostprocessing = 0;
		};
		2A0503BF12F4D43B000F74EA /* Resources */ = {
			isa = PBXResourcesBuildPhase;
			buildActionMask = 2147483647;
			files = (
				2A4FA61F12F9F905009F5B3A /* twitpicAccountPane.xib in Resources */,
				2A4FA62112F9F90A009F5B3A /* twitpicPostWindow.xib in Resources */,
			);
			runOnlyForDeploymentPostprocessing = 0;
		};
		2A0C8C9012EF844F00A75AB7 /* Resources */ = {
			isa = PBXResourcesBuildPhase;
			buildActionMask = 2147483647;
			files = (
				2A4FA61712F9F8F0009F5B3A /* FTPAccountPane.xib in Resources */,
			);
			runOnlyForDeploymentPostprocessing = 0;
		};
		2A2F994112F094710069B37E /* Resources */ = {
			isa = PBXResourcesBuildPhase;
			buildActionMask = 2147483647;
			files = (
				2A4FA61912F9F8F5009F5B3A /* SFTPAccountPane.xib in Resources */,
			);
			runOnlyForDeploymentPostprocessing = 0;
		};
		2A48847212E6768D001618B5 /* Resources */ = {
			isa = PBXResourcesBuildPhase;
			buildActionMask = 2147483647;
			files = (
				2A4FA61312F9F8E4009F5B3A /* HTTPAccountPane.xib in Resources */,
			);
			runOnlyForDeploymentPostprocessing = 0;
		};
		2A5C1AEF12F2FA6F005153FA /* Resources */ = {
			isa = PBXResourcesBuildPhase;
			buildActionMask = 2147483647;
			files = (
				2A4FA61B12F9F8FA009F5B3A /* WebDavAccountPane.xib in Resources */,
			);
			runOnlyForDeploymentPostprocessing = 0;
		};
		2ACA5CC5160E763A00F294C2 /* Resources */ = {
			isa = PBXResourcesBuildPhase;
			buildActionMask = 2147483647;
			files = (
				2ACA5CF1160E782700F294C2 /* TinyGrabAccountPane.xib in Resources */,
				2ACA5CF3160E782700F294C2 /* tinygrab.png in Resources */,
			);
			runOnlyForDeploymentPostprocessing = 0;
		};
		8D1107290486CEB800E47090 /* Resources */ = {
			isa = PBXResourcesBuildPhase;
			buildActionMask = 2147483647;
			files = (
				2A28114F12EBCE4A00435C36 /* Account.png in Resources */,
				2A28115012EBCE4A00435C36 /* AutoUpload.png in Resources */,
				2A28115112EBCE4A00435C36 /* Events.png in Resources */,
				2A28115212EBCE4A00435C36 /* General.png in Resources */,
				2AEAB48912E2ADDF00552BAA /* InfoPlist.strings in Resources */,
				2AEAB48A12E2ADDF00552BAA /* MainMenu.xib in Resources */,
				2AEAB4EF12E2B2F600552BAA /* GeneralPane.xib in Resources */,
				2AEAB4F112E2B2FB00552BAA /* AccountPane.xib in Resources */,
				2AEAB4F312E2B2FF00552BAA /* AutoUploadPane.xib in Resources */,
				2AEAB4F512E2B30500552BAA /* EventsPane.xib in Resources */,
				2AEAB53712E2B68300552BAA /* dsa_pub.pem in Resources */,
				2A52DDC512E3AC17000FC8CD /* CocoaShare.icns in Resources */,
				2A52DDC912E3AC26000FC8CD /* menuicon.png in Resources */,
				2A52DDCA12E3AC26000FC8CD /* menuicondrag.png in Resources */,
				2A52DDCB12E3AC26000FC8CD /* menuiconupload.png in Resources */,
				2A52DF5812E3D041000FC8CD /* menuiconselected.png in Resources */,
				2A280C8512EB50FB00435C36 /* Growl Registration Ticket.growlRegDict in Resources */,
				2AEF115912F527B900F495BE /* About.rtf in Resources */,
				2AEF118612F52A7D00F495BE /* CocoaShareIcon.png in Resources */,
				2A4FA61112F9F8DE009F5B3A /* Localizable.strings in Resources */,
			);
			runOnlyForDeploymentPostprocessing = 0;
		};
/* End PBXResourcesBuildPhase section */

/* Begin PBXShellScriptBuildPhase section */
		2AD9EFB112FEE49200FD7560 /* ShellScript */ = {
			isa = PBXShellScriptBuildPhase;
			buildActionMask = 2147483647;
			files = (
			);
			inputPaths = (
			);
			outputPaths = (
			);
			runOnlyForDeploymentPostprocessing = 0;
			shellPath = /bin/sh;
			shellScript = "if [ \"$SRCROOT/build\" != \"$SYMROOT\" ]; then\n\tif [ -d \"$SRCROOT/build\" ]; then\n\t\t/bin/rm -Rf \"$SRCROOT/build\"\n\tfi\n\t/bin/ln -fs \"$SYMROOT\" \"$SRCROOT/build\"\nfi";
		};
/* End PBXShellScriptBuildPhase section */

/* Begin PBXSourcesBuildPhase section */
		2A0501EE12F49D08000F74EA /* Sources */ = {
			isa = PBXSourcesBuildPhase;
			buildActionMask = 2147483647;
			files = (
				2A05023112F49F74000F74EA /* MGMMobileMePlugIn.m in Sources */,
			);
			runOnlyForDeploymentPostprocessing = 0;
		};
		2A0503C012F4D43B000F74EA /* Sources */ = {
			isa = PBXSourcesBuildPhase;
			buildActionMask = 2147483647;
			files = (
				2A05041C12F4DDFC000F74EA /* MGMTwitpicPlugIn.m in Sources */,
				2A0504B912F4E65C000F74EA /* MGMTwitpicPostWindow.m in Sources */,
			);
			runOnlyForDeploymentPostprocessing = 0;
		};
		2A0C8C9112EF844F00A75AB7 /* Sources */ = {
			isa = PBXSourcesBuildPhase;
			buildActionMask = 2147483647;
			files = (
				2A55259D12F05BA700F97FE6 /* MGMFTPPlugIn.m in Sources */,
			);
			runOnlyForDeploymentPostprocessing = 0;
		};
		2A2F994212F094710069B37E /* Sources */ = {
			isa = PBXSourcesBuildPhase;
			buildActionMask = 2147483647;
			files = (
				2A2F996E12F095DA0069B37E /* MGMSFTPPlugIn.m in Sources */,
			);
			runOnlyForDeploymentPostprocessing = 0;
		};
		2A48847312E6768D001618B5 /* Sources */ = {
			isa = PBXSourcesBuildPhase;
			buildActionMask = 2147483647;
			files = (
				2A48849612E678C3001618B5 /* MGMHTTPPlugIn.m in Sources */,
			);
			runOnlyForDeploymentPostprocessing = 0;
		};
		2A5C1AF012F2FA6F005153FA /* Sources */ = {
			isa = PBXSourcesBuildPhase;
			buildActionMask = 2147483647;
			files = (
				2A5C1B0812F2FB5D005153FA /* MGMWebDavPlugIn.m in Sources */,
			);
			runOnlyForDeploymentPostprocessing = 0;
		};
		2ACA5CC3160E763A00F294C2 /* Sources */ = {
			isa = PBXSourcesBuildPhase;
			buildActionMask = 2147483647;
			files = (
				2ACA5CD8160E76C700F294C2 /* MGMTinyGrabPlugIn.m in Sources */,
			);
			runOnlyForDeploymentPostprocessing = 0;
		};
		8D11072C0486CEB800E47090 /* Sources */ = {
			isa = PBXSourcesBuildPhase;
			buildActionMask = 2147483647;
			files = (
				2AEAB46112E2ACEA00552BAA /* MGMController.m in Sources */,
				2A28110B12EBAC4B00435C36 /* MGMAddons.m in Sources */,
				2AEAB46212E2ACEA00552BAA /* MGMPathSubscriber.m in Sources */,
				2AEAB47F12E2ADCD00552BAA /* main.m in Sources */,
				2AEAB49112E2AE4900552BAA /* MGMLoginItems.m in Sources */,
				2AEAB4B412E2AF6A00552BAA /* MGMGeneralPane.m in Sources */,
				2AEAB4BB12E2AF9800552BAA /* MGMAccountPane.m in Sources */,
				2AEAB4C112E2AFB100552BAA /* MGMAutoUploadPane.m in Sources */,
				2AEAB4C612E2AFC800552BAA /* MGMEventsPane.m in Sources */,
				2A52DF7312E3D436000FC8CD /* MGMMenuItem.m in Sources */,
				2A48832E12E52E84001618B5 /* RegexKitLite.m in Sources */,
				2A48835612E53232001618B5 /* MGMAutoUpdateField.m in Sources */,
				2A0501D512F49A7B000F74EA /* MGMWebDav.m in Sources */,
				2A0501D612F49A7B000F74EA /* MGMWebDavAddons.m in Sources */,
				2A0501D712F49A7B000F74EA /* MGMWebDavDelete.m in Sources */,
				2A0501D812F49A7B000F74EA /* MGMWebDavGet.m in Sources */,
				2A0501D912F49A7B000F74EA /* MGMWebDavMkCol.m in Sources */,
				2A0501DA12F49A7B000F74EA /* MGMWebDavOptions.m in Sources */,
				2A0501DB12F49A7B000F74EA /* MGMWebDavPropFind.m in Sources */,
				2A0501DC12F49A7B000F74EA /* MGMWebDavPut.m in Sources */,
				2A4FA5C912F9EDE0009F5B3A /* MGMLocalized.m in Sources */,
			);
			runOnlyForDeploymentPostprocessing = 0;
		};
/* End PBXSourcesBuildPhase section */

/* Begin PBXTargetDependency section */
		2A0501FA12F49D54000F74EA /* PBXTargetDependency */ = {
			isa = PBXTargetDependency;
			target = 2A0501F012F49D08000F74EA /* MobileMe */;
			targetProxy = 2A0501F912F49D54000F74EA /* PBXContainerItemProxy */;
		};
		2A0503CA12F4D460000F74EA /* PBXTargetDependency */ = {
			isa = PBXTargetDependency;
			target = 2A0503C212F4D43B000F74EA /* twitpic */;
			targetProxy = 2A0503C912F4D460000F74EA /* PBXContainerItemProxy */;
		};
		2A2F978C12F05C650069B37E /* PBXTargetDependency */ = {
			isa = PBXTargetDependency;
			target = 2A0C8C9312EF844F00A75AB7 /* FTP */;
			targetProxy = 2A2F978B12F05C650069B37E /* PBXContainerItemProxy */;
		};
		2A2F994C12F094EA0069B37E /* PBXTargetDependency */ = {
			isa = PBXTargetDependency;
			target = 2A2F994412F094710069B37E /* SFTP */;
			targetProxy = 2A2F994B12F094EA0069B37E /* PBXContainerItemProxy */;
		};
		2A48849812E679B6001618B5 /* PBXTargetDependency */ = {
			isa = PBXTargetDependency;
			target = 2A48847512E6768D001618B5 /* HTTP */;
			targetProxy = 2A48849712E679B6001618B5 /* PBXContainerItemProxy */;
		};
		2A5C1B4712F32EDF005153FA /* PBXTargetDependency */ = {
			isa = PBXTargetDependency;
			target = 2A5C1AF212F2FA6F005153FA /* WebDav */;
			targetProxy = 2A5C1B4612F32EDF005153FA /* PBXContainerItemProxy */;
		};
		2ACA5CF8160E799400F294C2 /* PBXTargetDependency */ = {
			isa = PBXTargetDependency;
			target = 2ACA5CC6160E763A00F294C2 /* TinyGrab */;
			targetProxy = 2ACA5CF7160E799400F294C2 /* PBXContainerItemProxy */;
		};
		2AD9EFB312FEE51500FD7560 /* PBXTargetDependency */ = {
			isa = PBXTargetDependency;
			target = 2AD9EFAD12FEE1E000FD7560 /* Build Directory */;
			targetProxy = 2AD9EFB212FEE51500FD7560 /* PBXContainerItemProxy */;
		};
/* End PBXTargetDependency section */

/* Begin PBXVariantGroup section */
		2A4FA61012F9F8DE009F5B3A /* Localizable.strings */ = {
			isa = PBXVariantGroup;
			children = (
				2A4FA57A12F9DA71009F5B3A /* English */,
				2A4FA65B12FAF223009F5B3A /* es */,
				2A4FA77112FB42A7009F5B3A /* pt_PT */,
				2A1E47AA13095F5300102EBD /* sv */,
			);
			name = Localizable.strings;
			sourceTree = "<group>";
		};
		2A4FA61212F9F8E4009F5B3A /* HTTPAccountPane.xib */ = {
			isa = PBXVariantGroup;
			children = (
				2A044B7912E68D3100E0B624 /* English */,
				2A4C784112FC3A6300106ECD /* pt_PT */,
				2A1E47B01309664400102EBD /* sv */,
			);
			name = HTTPAccountPane.xib;
			sourceTree = "<group>";
		};
		2A4FA61612F9F8F0009F5B3A /* FTPAccountPane.xib */ = {
			isa = PBXVariantGroup;
			children = (
				2A0C8CB012EF853400A75AB7 /* English */,
				2A4C784512FC3A7C00106ECD /* pt_PT */,
				2A1E47B21309670A00102EBD /* sv */,
			);
			name = FTPAccountPane.xib;
			sourceTree = "<group>";
		};
		2A4FA61812F9F8F5009F5B3A /* SFTPAccountPane.xib */ = {
			isa = PBXVariantGroup;
			children = (
				2A2F996912F0957E0069B37E /* English */,
				2A4C784712FC3A8300106ECD /* pt_PT */,
				2A1E47B31309677800102EBD /* sv */,
			);
			name = SFTPAccountPane.xib;
			sourceTree = "<group>";
		};
		2A4FA61A12F9F8FA009F5B3A /* WebDavAccountPane.xib */ = {
			isa = PBXVariantGroup;
			children = (
				2A5C1B0312F2FB3F005153FA /* English */,
				2A4C784912FC3A8C00106ECD /* pt_PT */,
				2A1E47B41309681300102EBD /* sv */,
			);
			name = WebDavAccountPane.xib;
			sourceTree = "<group>";
		};
		2A4FA61C12F9F900009F5B3A /* MobileMeAccountPane.xib */ = {
			isa = PBXVariantGroup;
			children = (
				2A05023212F49F86000F74EA /* English */,
				2A4C784C12FC3B2900106ECD /* pt_PT */,
				2A1E47B51309688F00102EBD /* sv */,
			);
			name = MobileMeAccountPane.xib;
			sourceTree = "<group>";
		};
		2A4FA61E12F9F905009F5B3A /* twitpicAccountPane.xib */ = {
			isa = PBXVariantGroup;
			children = (
				2A0503D512F4D4D5000F74EA /* English */,
				2A4C784E12FC3B3100106ECD /* pt_PT */,
				2A1E47B6130968F300102EBD /* sv */,
			);
			name = twitpicAccountPane.xib;
			sourceTree = "<group>";
		};
		2A4FA62012F9F90A009F5B3A /* twitpicPostWindow.xib */ = {
			isa = PBXVariantGroup;
			children = (
				2A0504D912F4EA04000F74EA /* English */,
				2A4C785012FC3B3800106ECD /* pt_PT */,
				2A1E47B71309695400102EBD /* sv */,
			);
			name = twitpicPostWindow.xib;
			sourceTree = "<group>";
		};
		2ACA5CEB160E782700F294C2 /* TinyGrabAccountPane.xib */ = {
			isa = PBXVariantGroup;
			children = (
				2ACA5CEC160E782700F294C2 /* English */,
				2ACA5CEE160E782700F294C2 /* pt_PT */,
				2ACA5CEF160E782700F294C2 /* sv */,
			);
			name = TinyGrabAccountPane.xib;
			sourceTree = "<group>";
		};
		2AEAB48312E2ADDF00552BAA /* InfoPlist.strings */ = {
			isa = PBXVariantGroup;
			children = (
				2AEAB48412E2ADDF00552BAA /* English */,
			);
			name = InfoPlist.strings;
			sourceTree = "<group>";
		};
		2AEAB48512E2ADDF00552BAA /* MainMenu.xib */ = {
			isa = PBXVariantGroup;
			children = (
				2AEAB48612E2ADDF00552BAA /* English */,
				2A4FA7AA12FB4A72009F5B3A /* pt_PT */,
				2A1E47AB1309605000102EBD /* sv */,
			);
			name = MainMenu.xib;
			sourceTree = "<group>";
		};
		2AEAB4EE12E2B2F600552BAA /* GeneralPane.xib */ = {
			isa = PBXVariantGroup;
			children = (
				2AEAB4D412E2B1E600552BAA /* English */,
				2A4FA7AF12FB4C2B009F5B3A /* pt_PT */,
				2A1E47AC130961C700102EBD /* sv */,
			);
			name = GeneralPane.xib;
			sourceTree = "<group>";
		};
		2AEAB4F012E2B2FB00552BAA /* AccountPane.xib */ = {
			isa = PBXVariantGroup;
			children = (
				2AEAB4DA12E2B22500552BAA /* English */,
				2A4FA7B512FB4CFA009F5B3A /* pt_PT */,
				2A1E47AD1309633600102EBD /* sv */,
			);
			name = AccountPane.xib;
			sourceTree = "<group>";
		};
		2AEAB4F212E2B2FF00552BAA /* AutoUploadPane.xib */ = {
			isa = PBXVariantGroup;
			children = (
				2AEAB4DC12E2B23200552BAA /* English */,
				2A4FA7BE12FB4D85009F5B3A /* pt_PT */,
				2A1E47AE1309636800102EBD /* sv */,
			);
			name = AutoUploadPane.xib;
			sourceTree = "<group>";
		};
		2AEAB4F412E2B30500552BAA /* EventsPane.xib */ = {
			isa = PBXVariantGroup;
			children = (
				2AEAB4DE12E2B23D00552BAA /* English */,
				2A4FA7C412FB4E82009F5B3A /* pt_PT */,
				2A1E47AF1309653300102EBD /* sv */,
			);
			name = EventsPane.xib;
			sourceTree = "<group>";
		};
/* End PBXVariantGroup section */

/* Begin XCBuildConfiguration section */
		2A0501F412F49D0B000F74EA /* Debug */ = {
			isa = XCBuildConfiguration;
			buildSettings = {
				ALWAYS_SEARCH_USER_PATHS = NO;
				COPY_PHASE_STRIP = NO;
				GCC_DYNAMIC_NO_PIC = NO;
				GCC_ENABLE_FIX_AND_CONTINUE = YES;
				GCC_MODEL_TUNING = G5;
				GCC_OPTIMIZATION_LEVEL = 0;
				GCC_PRECOMPILE_PREFIX_HEADER = YES;
				GCC_PREFIX_HEADER = Classes/MobileMe/prefix.pch;
				INFOPLIST_FILE = Resources/MobileMe/Info.plist;
				INSTALL_PATH = "$(HOME)/Library/Bundles";
				OTHER_LDFLAGS = (
					"-undefined",
					suppress,
					"-undefined",
					dynamic_lookup,
				);
				PREBINDING = NO;
				PRODUCT_NAME = MobileMe;
				WRAPPER_EXTENSION = bundle;
			};
			name = Debug;
		};
		2A0501F512F49D0B000F74EA /* Release */ = {
			isa = XCBuildConfiguration;
			buildSettings = {
				ALWAYS_SEARCH_USER_PATHS = NO;
				COPY_PHASE_STRIP = YES;
				DEBUG_INFORMATION_FORMAT = "dwarf-with-dsym";
				GCC_ENABLE_FIX_AND_CONTINUE = NO;
				GCC_MODEL_TUNING = G5;
				GCC_PRECOMPILE_PREFIX_HEADER = YES;
				GCC_PREFIX_HEADER = Classes/MobileMe/prefix.pch;
				INFOPLIST_FILE = Resources/MobileMe/Info.plist;
				INSTALL_PATH = "$(HOME)/Library/Bundles";
				OTHER_LDFLAGS = (
					"-undefined",
					suppress,
					"-undefined",
					dynamic_lookup,
				);
				PREBINDING = NO;
				PRODUCT_NAME = MobileMe;
				WRAPPER_EXTENSION = bundle;
				ZERO_LINK = NO;
			};
			name = Release;
		};
		2A0503C512F4D43C000F74EA /* Debug */ = {
			isa = XCBuildConfiguration;
			buildSettings = {
				ALWAYS_SEARCH_USER_PATHS = NO;
				COPY_PHASE_STRIP = NO;
				FRAMEWORK_SEARCH_PATHS = (
					"$(inherited)",
					"\"$(SRCROOT)/Frameworks\"",
				);
				GCC_DYNAMIC_NO_PIC = NO;
				GCC_ENABLE_FIX_AND_CONTINUE = YES;
				GCC_MODEL_TUNING = G5;
				GCC_OPTIMIZATION_LEVEL = 0;
				GCC_PRECOMPILE_PREFIX_HEADER = YES;
				GCC_PREFIX_HEADER = Classes/twitpic/prefix.pch;
				INFOPLIST_FILE = Resources/twitpic/Info.plist;
				INSTALL_PATH = "$(HOME)/Library/Bundles";
				OTHER_LDFLAGS = (
					"-undefined",
					suppress,
					"-undefined",
					dynamic_lookup,
				);
				PREBINDING = NO;
				PRODUCT_NAME = twitpic;
				WRAPPER_EXTENSION = bundle;
			};
			name = Debug;
		};
		2A0503C612F4D43C000F74EA /* Release */ = {
			isa = XCBuildConfiguration;
			buildSettings = {
				ALWAYS_SEARCH_USER_PATHS = NO;
				COPY_PHASE_STRIP = YES;
				DEBUG_INFORMATION_FORMAT = "dwarf-with-dsym";
				FRAMEWORK_SEARCH_PATHS = (
					"$(inherited)",
					"\"$(SRCROOT)/Frameworks\"",
				);
				GCC_ENABLE_FIX_AND_CONTINUE = NO;
				GCC_MODEL_TUNING = G5;
				GCC_PRECOMPILE_PREFIX_HEADER = YES;
				GCC_PREFIX_HEADER = Classes/twitpic/prefix.pch;
				INFOPLIST_FILE = Resources/twitpic/Info.plist;
				INSTALL_PATH = "$(HOME)/Library/Bundles";
				OTHER_LDFLAGS = (
					"-undefined",
					suppress,
					"-undefined",
					dynamic_lookup,
				);
				PREBINDING = NO;
				PRODUCT_NAME = twitpic;
				WRAPPER_EXTENSION = bundle;
				ZERO_LINK = NO;
			};
			name = Release;
		};
		2A0C8C9612EF845100A75AB7 /* Debug */ = {
			isa = XCBuildConfiguration;
			buildSettings = {
				ALWAYS_SEARCH_USER_PATHS = NO;
				COPY_PHASE_STRIP = NO;
				GCC_DYNAMIC_NO_PIC = NO;
				GCC_ENABLE_FIX_AND_CONTINUE = YES;
				GCC_MODEL_TUNING = G5;
				GCC_OPTIMIZATION_LEVEL = 0;
				GCC_PRECOMPILE_PREFIX_HEADER = YES;
				GCC_PREFIX_HEADER = Classes/FTP/prefix.pch;
				INFOPLIST_FILE = Resources/FTP/Info.plist;
				INSTALL_PATH = "$(HOME)/Library/Bundles";
				OTHER_LDFLAGS = (
					"-undefined",
					suppress,
					"-undefined",
					dynamic_lookup,
				);
				PREBINDING = NO;
				PRODUCT_NAME = FTP;
				WRAPPER_EXTENSION = bundle;
			};
			name = Debug;
		};
		2A0C8C9712EF845100A75AB7 /* Release */ = {
			isa = XCBuildConfiguration;
			buildSettings = {
				ALWAYS_SEARCH_USER_PATHS = NO;
				COPY_PHASE_STRIP = YES;
				DEBUG_INFORMATION_FORMAT = "dwarf-with-dsym";
				GCC_ENABLE_FIX_AND_CONTINUE = NO;
				GCC_MODEL_TUNING = G5;
				GCC_PRECOMPILE_PREFIX_HEADER = YES;
				GCC_PREFIX_HEADER = Classes/FTP/prefix.pch;
				INFOPLIST_FILE = Resources/FTP/Info.plist;
				INSTALL_PATH = "$(HOME)/Library/Bundles";
				OTHER_LDFLAGS = (
					"-undefined",
					suppress,
					"-undefined",
					dynamic_lookup,
				);
				PREBINDING = NO;
				PRODUCT_NAME = FTP;
				WRAPPER_EXTENSION = bundle;
				ZERO_LINK = NO;
			};
			name = Release;
		};
		2A2F994812F094750069B37E /* Debug */ = {
			isa = XCBuildConfiguration;
			buildSettings = {
				ALWAYS_SEARCH_USER_PATHS = NO;
				COPY_PHASE_STRIP = NO;
				GCC_DYNAMIC_NO_PIC = NO;
				GCC_ENABLE_FIX_AND_CONTINUE = YES;
				GCC_MODEL_TUNING = G5;
				GCC_OPTIMIZATION_LEVEL = 0;
				GCC_PRECOMPILE_PREFIX_HEADER = YES;
				GCC_PREFIX_HEADER = Classes/SFTP/prefix.pch;
				INFOPLIST_FILE = Resources/SFTP/Info.plist;
				INSTALL_PATH = "$(HOME)/Library/Bundles";
				OTHER_LDFLAGS = (
					"-undefined",
					suppress,
					"-undefined",
					dynamic_lookup,
				);
				PREBINDING = NO;
				PRODUCT_NAME = SFTP;
				WRAPPER_EXTENSION = bundle;
			};
			name = Debug;
		};
		2A2F994912F094750069B37E /* Release */ = {
			isa = XCBuildConfiguration;
			buildSettings = {
				ALWAYS_SEARCH_USER_PATHS = NO;
				COPY_PHASE_STRIP = YES;
				DEBUG_INFORMATION_FORMAT = "dwarf-with-dsym";
				GCC_ENABLE_FIX_AND_CONTINUE = NO;
				GCC_MODEL_TUNING = G5;
				GCC_PRECOMPILE_PREFIX_HEADER = YES;
				GCC_PREFIX_HEADER = Classes/SFTP/prefix.pch;
				INFOPLIST_FILE = Resources/SFTP/Info.plist;
				INSTALL_PATH = "$(HOME)/Library/Bundles";
				OTHER_LDFLAGS = (
					"-undefined",
					suppress,
					"-undefined",
					dynamic_lookup,
				);
				PREBINDING = NO;
				PRODUCT_NAME = SFTP;
				WRAPPER_EXTENSION = bundle;
				ZERO_LINK = NO;
			};
			name = Release;
		};
		2A48847812E6768E001618B5 /* Debug */ = {
			isa = XCBuildConfiguration;
			buildSettings = {
				ALWAYS_SEARCH_USER_PATHS = NO;
				COPY_PHASE_STRIP = NO;
				FRAMEWORK_SEARCH_PATHS = (
					"$(inherited)",
					"\"$(SRCROOT)/Frameworks\"",
				);
				GCC_DYNAMIC_NO_PIC = NO;
				GCC_ENABLE_FIX_AND_CONTINUE = YES;
				GCC_MODEL_TUNING = G5;
				GCC_OPTIMIZATION_LEVEL = 0;
				GCC_PRECOMPILE_PREFIX_HEADER = YES;
				GCC_PREFIX_HEADER = Classes/HTTP/prefix.pch;
				INFOPLIST_FILE = Resources/HTTP/Info.plist;
				INSTALL_PATH = "$(HOME)/Library/Bundles";
				OTHER_LDFLAGS = (
					"-undefined",
					suppress,
					"-undefined",
					dynamic_lookup,
				);
				PREBINDING = NO;
				PRODUCT_NAME = HTTP;
				WRAPPER_EXTENSION = bundle;
			};
			name = Debug;
		};
		2A48847912E6768E001618B5 /* Release */ = {
			isa = XCBuildConfiguration;
			buildSettings = {
				ALWAYS_SEARCH_USER_PATHS = NO;
				COPY_PHASE_STRIP = YES;
				DEBUG_INFORMATION_FORMAT = "dwarf-with-dsym";
				FRAMEWORK_SEARCH_PATHS = (
					"$(inherited)",
					"\"$(SRCROOT)/Frameworks\"",
				);
				GCC_ENABLE_FIX_AND_CONTINUE = NO;
				GCC_MODEL_TUNING = G5;
				GCC_PRECOMPILE_PREFIX_HEADER = YES;
				GCC_PREFIX_HEADER = Classes/HTTP/prefix.pch;
				INFOPLIST_FILE = Resources/HTTP/Info.plist;
				INSTALL_PATH = "$(HOME)/Library/Bundles";
				OTHER_LDFLAGS = (
					"-undefined",
					suppress,
					"-undefined",
					dynamic_lookup,
				);
				PREBINDING = NO;
				PRODUCT_NAME = HTTP;
				WRAPPER_EXTENSION = bundle;
				ZERO_LINK = NO;
			};
			name = Release;
		};
		2A5C1AF612F2FA70005153FA /* Debug */ = {
			isa = XCBuildConfiguration;
			buildSettings = {
				ALWAYS_SEARCH_USER_PATHS = NO;
				COPY_PHASE_STRIP = NO;
				GCC_DYNAMIC_NO_PIC = NO;
				GCC_ENABLE_FIX_AND_CONTINUE = YES;
				GCC_MODEL_TUNING = G5;
				GCC_OPTIMIZATION_LEVEL = 0;
				GCC_PRECOMPILE_PREFIX_HEADER = YES;
				GCC_PREFIX_HEADER = Classes/WebDav/prefix.pch;
				INFOPLIST_FILE = Resources/WebDav/Info.plist;
				INSTALL_PATH = "$(HOME)/Library/Bundles";
				OTHER_LDFLAGS = (
					"-undefined",
					suppress,
					"-undefined",
					dynamic_lookup,
				);
				PREBINDING = NO;
				PRODUCT_NAME = WebDav;
				WRAPPER_EXTENSION = bundle;
			};
			name = Debug;
		};
		2A5C1AF712F2FA70005153FA /* Release */ = {
			isa = XCBuildConfiguration;
			buildSettings = {
				ALWAYS_SEARCH_USER_PATHS = NO;
				COPY_PHASE_STRIP = YES;
				DEBUG_INFORMATION_FORMAT = "dwarf-with-dsym";
				GCC_ENABLE_FIX_AND_CONTINUE = NO;
				GCC_MODEL_TUNING = G5;
				GCC_PRECOMPILE_PREFIX_HEADER = YES;
				GCC_PREFIX_HEADER = Classes/WebDav/prefix.pch;
				INFOPLIST_FILE = Resources/WebDav/Info.plist;
				INSTALL_PATH = "$(HOME)/Library/Bundles";
				OTHER_LDFLAGS = (
					"-undefined",
					suppress,
					"-undefined",
					dynamic_lookup,
				);
				PREBINDING = NO;
				PRODUCT_NAME = WebDav;
				WRAPPER_EXTENSION = bundle;
				ZERO_LINK = NO;
			};
			name = Release;
		};
		2ACA5CD2160E763A00F294C2 /* Debug */ = {
			isa = XCBuildConfiguration;
			buildSettings = {
				ALWAYS_SEARCH_USER_PATHS = NO;
				CLANG_CXX_LANGUAGE_STANDARD = "gnu++0x";
				CLANG_CXX_LIBRARY = "libc++";
				CLANG_WARN_EMPTY_BODY = YES;
				CLANG_WARN__DUPLICATE_METHOD_MATCH = YES;
				COMBINE_HIDPI_IMAGES = YES;
				COPY_PHASE_STRIP = NO;
				FRAMEWORK_SEARCH_PATHS = (
					"$(inherited)",
					"\"$(SRCROOT)/Frameworks\"",
				);
				GCC_DYNAMIC_NO_PIC = NO;
				GCC_ENABLE_OBJC_EXCEPTIONS = YES;
				GCC_PRECOMPILE_PREFIX_HEADER = YES;
				GCC_PREFIX_HEADER = Classes/TinyGrab/prefix.pch;
				GCC_PREPROCESSOR_DEFINITIONS = (
					"DEBUG=1",
					"$(inherited)",
				);
				GCC_SYMBOLS_PRIVATE_EXTERN = NO;
				GCC_WARN_64_TO_32_BIT_CONVERSION = YES;
				GCC_WARN_UNINITIALIZED_AUTOS = NO;
				INFOPLIST_FILE = Resources/TinyGrab/Info.plist;
				INSTALL_PATH = "$(LOCAL_LIBRARY_DIR)/Bundles";
				OTHER_LDFLAGS = (
					"-undefined",
					suppress,
					"-undefined",
					dynamic_lookup,
				);
				PRODUCT_NAME = "$(TARGET_NAME)";
				WRAPPER_EXTENSION = bundle;
			};
			name = Debug;
		};
		2ACA5CD3160E763A00F294C2 /* Release */ = {
			isa = XCBuildConfiguration;
			buildSettings = {
				ALWAYS_SEARCH_USER_PATHS = NO;
				CLANG_CXX_LANGUAGE_STANDARD = "gnu++0x";
				CLANG_CXX_LIBRARY = "libc++";
				CLANG_WARN_EMPTY_BODY = YES;
				CLANG_WARN__DUPLICATE_METHOD_MATCH = YES;
				COMBINE_HIDPI_IMAGES = YES;
				COPY_PHASE_STRIP = YES;
				DEBUG_INFORMATION_FORMAT = "dwarf-with-dsym";
				FRAMEWORK_SEARCH_PATHS = (
					"$(inherited)",
					"\"$(SRCROOT)/Frameworks\"",
				);
				GCC_ENABLE_OBJC_EXCEPTIONS = YES;
				GCC_PRECOMPILE_PREFIX_HEADER = YES;
				GCC_PREFIX_HEADER = Classes/TinyGrab/prefix.pch;
				GCC_WARN_64_TO_32_BIT_CONVERSION = YES;
				GCC_WARN_UNINITIALIZED_AUTOS = NO;
				INFOPLIST_FILE = Resources/TinyGrab/Info.plist;
				INSTALL_PATH = "$(LOCAL_LIBRARY_DIR)/Bundles";
				OTHER_LDFLAGS = (
					"-undefined",
					suppress,
					"-undefined",
					dynamic_lookup,
				);
				PRODUCT_NAME = "$(TARGET_NAME)";
				WRAPPER_EXTENSION = bundle;
			};
			name = Release;
		};
		2AD9EFAF12FEE24000FD7560 /* Debug */ = {
			isa = XCBuildConfiguration;
			buildSettings = {
				PRODUCT_NAME = "$(TARGET_NAME)";
			};
			name = Debug;
		};
		2AD9EFB012FEE24000FD7560 /* Release */ = {
			isa = XCBuildConfiguration;
			buildSettings = {
				PRODUCT_NAME = "$(TARGET_NAME)";
			};
			name = Release;
		};
		C01FCF4B08A954540054247B /* Debug */ = {
			isa = XCBuildConfiguration;
			buildSettings = {
				ALWAYS_SEARCH_USER_PATHS = NO;
				COPY_PHASE_STRIP = NO;
				FRAMEWORK_SEARCH_PATHS = (
					"$(inherited)",
					"\"$(SRCROOT)/Frameworks\"",
				);
				GCC_DYNAMIC_NO_PIC = NO;
				GCC_ENABLE_FIX_AND_CONTINUE = YES;
				GCC_MODEL_TUNING = G5;
				GCC_OPTIMIZATION_LEVEL = 0;
				GCC_PRECOMPILE_PREFIX_HEADER = YES;
				GCC_PREFIX_HEADER = Classes/CocoaShare/Prefix.pch;
				GCC_SYMBOLS_PRIVATE_EXTERN = NO;
				INFOPLIST_FILE = Resources/CocoaShare/Info.plist;
				INSTALL_PATH = "$(HOME)/Applications";
				PRODUCT_NAME = CocoaShare;
			};
			name = Debug;
		};
		C01FCF4C08A954540054247B /* Release */ = {
			isa = XCBuildConfiguration;
			buildSettings = {
				ALWAYS_SEARCH_USER_PATHS = NO;
				DEBUG_INFORMATION_FORMAT = "dwarf-with-dsym";
				FRAMEWORK_SEARCH_PATHS = (
					"$(inherited)",
					"\"$(SRCROOT)/Frameworks\"",
				);
				GCC_MODEL_TUNING = G5;
				GCC_PRECOMPILE_PREFIX_HEADER = YES;
				GCC_PREFIX_HEADER = Classes/CocoaShare/Prefix.pch;
				GCC_SYMBOLS_PRIVATE_EXTERN = NO;
				INFOPLIST_FILE = Resources/CocoaShare/Info.plist;
				INSTALL_PATH = "$(HOME)/Applications";
				PRODUCT_NAME = CocoaShare;
			};
			name = Release;
		};
		C01FCF4F08A954540054247B /* Debug */ = {
			isa = XCBuildConfiguration;
			buildSettings = {
				ARCHS = "$(ARCHS_STANDARD_32_64_BIT)";
				GCC_C_LANGUAGE_STANDARD = gnu99;
				GCC_OPTIMIZATION_LEVEL = 0;
				GCC_VERSION = "";
				GCC_WARN_ABOUT_RETURN_TYPE = YES;
				GCC_WARN_UNUSED_VARIABLE = YES;
				MACOSX_DEPLOYMENT_TARGET = 10.4;
				"MACOSX_DEPLOYMENT_TARGET[arch=x86_64]" = 10.5;
				ONLY_ACTIVE_ARCH = YES;
				PREBINDING = NO;
				SDKROOT = macosx;
				VALID_ARCHS = "ppc i386 x86_64";
			};
			name = Debug;
		};
		C01FCF5008A954540054247B /* Release */ = {
			isa = XCBuildConfiguration;
			buildSettings = {
				ARCHS = "$(ARCHS_STANDARD_32_64_BIT)";
				GCC_C_LANGUAGE_STANDARD = gnu99;
				GCC_VERSION = "";
				GCC_WARN_ABOUT_RETURN_TYPE = YES;
				GCC_WARN_UNUSED_VARIABLE = YES;
				MACOSX_DEPLOYMENT_TARGET = 10.4;
				"MACOSX_DEPLOYMENT_TARGET[arch=x86_64]" = 10.5;
				PREBINDING = NO;
				SDKROOT = macosx;
				VALID_ARCHS = "ppc i386 x86_64";
			};
			name = Release;
		};
/* End XCBuildConfiguration section */

/* Begin XCConfigurationList section */
		2A0501F612F49D0C000F74EA /* Build configuration list for PBXNativeTarget "MobileMe" */ = {
			isa = XCConfigurationList;
			buildConfigurations = (
				2A0501F412F49D0B000F74EA /* Debug */,
				2A0501F512F49D0B000F74EA /* Release */,
			);
			defaultConfigurationIsVisible = 0;
			defaultConfigurationName = Release;
		};
		2A0503C712F4D43C000F74EA /* Build configuration list for PBXNativeTarget "twitpic" */ = {
			isa = XCConfigurationList;
			buildConfigurations = (
				2A0503C512F4D43C000F74EA /* Debug */,
				2A0503C612F4D43C000F74EA /* Release */,
			);
			defaultConfigurationIsVisible = 0;
			defaultConfigurationName = Release;
		};
		2A0C8C9812EF845100A75AB7 /* Build configuration list for PBXNativeTarget "FTP" */ = {
			isa = XCConfigurationList;
			buildConfigurations = (
				2A0C8C9612EF845100A75AB7 /* Debug */,
				2A0C8C9712EF845100A75AB7 /* Release */,
			);
			defaultConfigurationIsVisible = 0;
			defaultConfigurationName = Release;
		};
		2A2F994A12F094750069B37E /* Build configuration list for PBXNativeTarget "SFTP" */ = {
			isa = XCConfigurationList;
			buildConfigurations = (
				2A2F994812F094750069B37E /* Debug */,
				2A2F994912F094750069B37E /* Release */,
			);
			defaultConfigurationIsVisible = 0;
			defaultConfigurationName = Release;
		};
		2A48847A12E6768E001618B5 /* Build configuration list for PBXNativeTarget "HTTP" */ = {
			isa = XCConfigurationList;
			buildConfigurations = (
				2A48847812E6768E001618B5 /* Debug */,
				2A48847912E6768E001618B5 /* Release */,
			);
			defaultConfigurationIsVisible = 0;
			defaultConfigurationName = Release;
		};
		2A5C1AF812F2FA70005153FA /* Build configuration list for PBXNativeTarget "WebDav" */ = {
			isa = XCConfigurationList;
			buildConfigurations = (
				2A5C1AF612F2FA70005153FA /* Debug */,
				2A5C1AF712F2FA70005153FA /* Release */,
			);
			defaultConfigurationIsVisible = 0;
			defaultConfigurationName = Release;
		};
		2ACA5CD1160E763A00F294C2 /* Build configuration list for PBXNativeTarget "TinyGrab" */ = {
			isa = XCConfigurationList;
			buildConfigurations = (
				2ACA5CD2160E763A00F294C2 /* Debug */,
				2ACA5CD3160E763A00F294C2 /* Release */,
			);
			defaultConfigurationIsVisible = 0;
			defaultConfigurationName = Release;
		};
		2AD9EFAE12FEE24000FD7560 /* Build configuration list for PBXAggregateTarget "Build Directory" */ = {
			isa = XCConfigurationList;
			buildConfigurations = (
				2AD9EFAF12FEE24000FD7560 /* Debug */,
				2AD9EFB012FEE24000FD7560 /* Release */,
			);
			defaultConfigurationIsVisible = 0;
			defaultConfigurationName = Release;
		};
		C01FCF4A08A954540054247B /* Build configuration list for PBXNativeTarget "CocoaShare" */ = {
			isa = XCConfigurationList;
			buildConfigurations = (
				C01FCF4B08A954540054247B /* Debug */,
				C01FCF4C08A954540054247B /* Release */,
			);
			defaultConfigurationIsVisible = 0;
			defaultConfigurationName = Release;
		};
		C01FCF4E08A954540054247B /* Build configuration list for PBXProject "CocoaShare" */ = {
			isa = XCConfigurationList;
			buildConfigurations = (
				C01FCF4F08A954540054247B /* Debug */,
				C01FCF5008A954540054247B /* Release */,
			);
			defaultConfigurationIsVisible = 0;
			defaultConfigurationName = Release;
		};
/* End XCConfigurationList section */
	};
	rootObject = 29B97313FDCFA39411CA2CEA /* Project object */;
}
